// !$*UTF8*$!
{
	archiveVersion = 1;
	classes = {
	};
	objectVersion = 51;
	objects = {

/* Begin PBXBuildFile section */
		230CD65822F8F88600976C5D /* FillStrokeViewController.swift in Sources */ = {isa = PBXBuildFile; fileRef = 230CD65622F8F88600976C5D /* FillStrokeViewController.swift */; };
		230CD65922F8F88600976C5D /* FillStrokeViewController.xib in Resources */ = {isa = PBXBuildFile; fileRef = 230CD65722F8F88600976C5D /* FillStrokeViewController.xib */; };
		23263F8E2278F63E00B4FEF0 /* AppDelegate.swift in Sources */ = {isa = PBXBuildFile; fileRef = 23263F8D2278F63E00B4FEF0 /* AppDelegate.swift */; };
		23263F902278F63F00B4FEF0 /* Assets.xcassets in Resources */ = {isa = PBXBuildFile; fileRef = 23263F8F2278F63F00B4FEF0 /* Assets.xcassets */; };
		23263F932278F63F00B4FEF0 /* MainMenu.xib in Resources */ = {isa = PBXBuildFile; fileRef = 23263F912278F63F00B4FEF0 /* MainMenu.xib */; };
		239B4B5022ACA02A004DA5D1 /* SpacingViewController.swift in Sources */ = {isa = PBXBuildFile; fileRef = 239B4B4E22ACA02A004DA5D1 /* SpacingViewController.swift */; };
		239B4B5122ACA02A004DA5D1 /* SpacingViewController.xib in Resources */ = {isa = PBXBuildFile; fileRef = 239B4B4F22ACA02A004DA5D1 /* SpacingViewController.xib */; };
		239B4B5422ACA0C4004DA5D1 /* AlignmentViewController.swift in Sources */ = {isa = PBXBuildFile; fileRef = 239B4B5222ACA0C4004DA5D1 /* AlignmentViewController.swift */; };
		239B4B5522ACA0C4004DA5D1 /* AlignmentViewController.xib in Resources */ = {isa = PBXBuildFile; fileRef = 239B4B5322ACA0C4004DA5D1 /* AlignmentViewController.xib */; };
		239B4B5822ACA13E004DA5D1 /* ColorViewController.swift in Sources */ = {isa = PBXBuildFile; fileRef = 239B4B5622ACA13E004DA5D1 /* ColorViewController.swift */; };
		239B4B5922ACA13E004DA5D1 /* ColorViewController.xib in Resources */ = {isa = PBXBuildFile; fileRef = 239B4B5722ACA13E004DA5D1 /* ColorViewController.xib */; };
		239B4B5C22ACA1EB004DA5D1 /* DescriptionFieldViewController.swift in Sources */ = {isa = PBXBuildFile; fileRef = 239B4B5A22ACA1EB004DA5D1 /* DescriptionFieldViewController.swift */; };
		239B4B5D22ACA1EB004DA5D1 /* DescriptionFieldViewController.xib in Resources */ = {isa = PBXBuildFile; fileRef = 239B4B5B22ACA1EB004DA5D1 /* DescriptionFieldViewController.xib */; };
		239B4B6022ACA2AE004DA5D1 /* TextWithButtonViewController.swift in Sources */ = {isa = PBXBuildFile; fileRef = 239B4B5E22ACA2AE004DA5D1 /* TextWithButtonViewController.swift */; };
		239B4B6122ACA2AE004DA5D1 /* TextWithButtonViewController.xib in Resources */ = {isa = PBXBuildFile; fileRef = 239B4B5F22ACA2AE004DA5D1 /* TextWithButtonViewController.xib */; };
		239B4B6622ACAE87004DA5D1 /* MainPropertyPanesViewController.swift in Sources */ = {isa = PBXBuildFile; fileRef = 239B4B6422ACAE87004DA5D1 /* MainPropertyPanesViewController.swift */; };
		239B4B6A22ACBA03004DA5D1 /* WindowPropertyPanesViewController.swift in Sources */ = {isa = PBXBuildFile; fileRef = 239B4B6822ACBA03004DA5D1 /* WindowPropertyPanesViewController.swift */; };
		23A31BEC22AF7EE100B70488 /* MainViewController.swift in Sources */ = {isa = PBXBuildFile; fileRef = 23A31BEA22AF7EE100B70488 /* MainViewController.swift */; };
		23A31BF122AF815C00B70488 /* ShortDescriptionViewController.swift in Sources */ = {isa = PBXBuildFile; fileRef = 23A31BEF22AF815C00B70488 /* ShortDescriptionViewController.swift */; };
		23A31BF222AF815C00B70488 /* ShortDescriptionViewController.xib in Resources */ = {isa = PBXBuildFile; fileRef = 23A31BF022AF815C00B70488 /* ShortDescriptionViewController.xib */; };
		23A31BF522AF816E00B70488 /* LongDescriptionViewController.swift in Sources */ = {isa = PBXBuildFile; fileRef = 23A31BF322AF816E00B70488 /* LongDescriptionViewController.swift */; };
		23A31BF622AF816E00B70488 /* LongDescriptionViewController.xib in Resources */ = {isa = PBXBuildFile; fileRef = 23A31BF422AF816E00B70488 /* LongDescriptionViewController.xib */; };
		23A31BF922AF84B600B70488 /* ImageViewController.swift in Sources */ = {isa = PBXBuildFile; fileRef = 23A31BF722AF84B600B70488 /* ImageViewController.swift */; };
		23A31BFA22AF84B600B70488 /* ImageViewController.xib in Resources */ = {isa = PBXBuildFile; fileRef = 23A31BF822AF84B600B70488 /* ImageViewController.xib */; };
		23B61DD422AC7A8F00098F3C /* DummyViewController.swift in Sources */ = {isa = PBXBuildFile; fileRef = 23B61DD222AC7A8F00098F3C /* DummyViewController.swift */; };
		23B61DD522AC7A8F00098F3C /* DummyViewController.xib in Resources */ = {isa = PBXBuildFile; fileRef = 23B61DD322AC7A8F00098F3C /* DummyViewController.xib */; };
		ED9FDD3F5606641B0D056728 /* Pods_DSFInspectorPanes_Demo.framework in Frameworks */ = {isa = PBXBuildFile; fileRef = F074F635E3F9FE02E61198FD /* Pods_DSFInspectorPanes_Demo.framework */; };
/* End PBXBuildFile section */

/* Begin PBXCopyFilesBuildPhase section */
		236A157E22AFD1E2007FCB8F /* CopyFiles */ = {
			isa = PBXCopyFilesBuildPhase;
			buildActionMask = 2147483647;
			dstPath = "";
			dstSubfolderSpec = 10;
			files = (
			);
			runOnlyForDeploymentPostprocessing = 0;
		};
/* End PBXCopyFilesBuildPhase section */

/* Begin PBXFileReference section */
		230CD65622F8F88600976C5D /* FillStrokeViewController.swift */ = {isa = PBXFileReference; lastKnownFileType = sourcecode.swift; path = FillStrokeViewController.swift; sourceTree = "<group>"; };
		230CD65722F8F88600976C5D /* FillStrokeViewController.xib */ = {isa = PBXFileReference; lastKnownFileType = file.xib; path = FillStrokeViewController.xib; sourceTree = "<group>"; };
		23263F8B2278F63E00B4FEF0 /* DSFInspectorPanes_Demo.app */ = {isa = PBXFileReference; explicitFileType = wrapper.application; includeInIndex = 0; path = DSFInspectorPanes_Demo.app; sourceTree = BUILT_PRODUCTS_DIR; };
		23263F8D2278F63E00B4FEF0 /* AppDelegate.swift */ = {isa = PBXFileReference; lastKnownFileType = sourcecode.swift; path = AppDelegate.swift; sourceTree = "<group>"; };
		23263F8F2278F63F00B4FEF0 /* Assets.xcassets */ = {isa = PBXFileReference; lastKnownFileType = folder.assetcatalog; path = Assets.xcassets; sourceTree = "<group>"; };
		23263F922278F63F00B4FEF0 /* Base */ = {isa = PBXFileReference; lastKnownFileType = file.xib; name = Base; path = Base.lproj/MainMenu.xib; sourceTree = "<group>"; };
		23263F942278F63F00B4FEF0 /* Info.plist */ = {isa = PBXFileReference; lastKnownFileType = text.plist.xml; path = Info.plist; sourceTree = "<group>"; };
		23263F952278F63F00B4FEF0 /* DSFInspectorPanes_Demo.entitlements */ = {isa = PBXFileReference; lastKnownFileType = text.plist.entitlements; path = DSFInspectorPanes_Demo.entitlements; sourceTree = "<group>"; };
		239B4B4E22ACA02A004DA5D1 /* SpacingViewController.swift */ = {isa = PBXFileReference; lastKnownFileType = sourcecode.swift; path = SpacingViewController.swift; sourceTree = "<group>"; };
		239B4B4F22ACA02A004DA5D1 /* SpacingViewController.xib */ = {isa = PBXFileReference; lastKnownFileType = file.xib; path = SpacingViewController.xib; sourceTree = "<group>"; };
		239B4B5222ACA0C4004DA5D1 /* AlignmentViewController.swift */ = {isa = PBXFileReference; lastKnownFileType = sourcecode.swift; path = AlignmentViewController.swift; sourceTree = "<group>"; };
		239B4B5322ACA0C4004DA5D1 /* AlignmentViewController.xib */ = {isa = PBXFileReference; lastKnownFileType = file.xib; path = AlignmentViewController.xib; sourceTree = "<group>"; };
		239B4B5622ACA13E004DA5D1 /* ColorViewController.swift */ = {isa = PBXFileReference; lastKnownFileType = sourcecode.swift; path = ColorViewController.swift; sourceTree = "<group>"; };
		239B4B5722ACA13E004DA5D1 /* ColorViewController.xib */ = {isa = PBXFileReference; lastKnownFileType = file.xib; path = ColorViewController.xib; sourceTree = "<group>"; };
		239B4B5A22ACA1EB004DA5D1 /* DescriptionFieldViewController.swift */ = {isa = PBXFileReference; lastKnownFileType = sourcecode.swift; path = DescriptionFieldViewController.swift; sourceTree = "<group>"; };
		239B4B5B22ACA1EB004DA5D1 /* DescriptionFieldViewController.xib */ = {isa = PBXFileReference; lastKnownFileType = file.xib; path = DescriptionFieldViewController.xib; sourceTree = "<group>"; };
		239B4B5E22ACA2AE004DA5D1 /* TextWithButtonViewController.swift */ = {isa = PBXFileReference; lastKnownFileType = sourcecode.swift; path = TextWithButtonViewController.swift; sourceTree = "<group>"; };
		239B4B5F22ACA2AE004DA5D1 /* TextWithButtonViewController.xib */ = {isa = PBXFileReference; lastKnownFileType = file.xib; path = TextWithButtonViewController.xib; sourceTree = "<group>"; };
		239B4B6422ACAE87004DA5D1 /* MainPropertyPanesViewController.swift */ = {isa = PBXFileReference; lastKnownFileType = sourcecode.swift; path = MainPropertyPanesViewController.swift; sourceTree = "<group>"; };
		239B4B6822ACBA03004DA5D1 /* WindowPropertyPanesViewController.swift */ = {isa = PBXFileReference; lastKnownFileType = sourcecode.swift; path = WindowPropertyPanesViewController.swift; sourceTree = "<group>"; };
		23A31BEA22AF7EE100B70488 /* MainViewController.swift */ = {isa = PBXFileReference; lastKnownFileType = sourcecode.swift; path = MainViewController.swift; sourceTree = "<group>"; };
		23A31BEF22AF815C00B70488 /* ShortDescriptionViewController.swift */ = {isa = PBXFileReference; lastKnownFileType = sourcecode.swift; path = ShortDescriptionViewController.swift; sourceTree = "<group>"; };
		23A31BF022AF815C00B70488 /* ShortDescriptionViewController.xib */ = {isa = PBXFileReference; lastKnownFileType = file.xib; path = ShortDescriptionViewController.xib; sourceTree = "<group>"; };
		23A31BF322AF816E00B70488 /* LongDescriptionViewController.swift */ = {isa = PBXFileReference; lastKnownFileType = sourcecode.swift; path = LongDescriptionViewController.swift; sourceTree = "<group>"; };
		23A31BF422AF816E00B70488 /* LongDescriptionViewController.xib */ = {isa = PBXFileReference; lastKnownFileType = file.xib; path = LongDescriptionViewController.xib; sourceTree = "<group>"; };
		23A31BF722AF84B600B70488 /* ImageViewController.swift */ = {isa = PBXFileReference; lastKnownFileType = sourcecode.swift; path = ImageViewController.swift; sourceTree = "<group>"; };
		23A31BF822AF84B600B70488 /* ImageViewController.xib */ = {isa = PBXFileReference; lastKnownFileType = file.xib; path = ImageViewController.xib; sourceTree = "<group>"; };
		23B61DD222AC7A8F00098F3C /* DummyViewController.swift */ = {isa = PBXFileReference; lastKnownFileType = sourcecode.swift; path = DummyViewController.swift; sourceTree = "<group>"; };
		23B61DD322AC7A8F00098F3C /* DummyViewController.xib */ = {isa = PBXFileReference; lastKnownFileType = file.xib; path = DummyViewController.xib; sourceTree = "<group>"; };
		E403AF6AB3A098D9D6C6C5AE /* Pods-DSFInspectorPanes_Demo.debug.xcconfig */ = {isa = PBXFileReference; includeInIndex = 1; lastKnownFileType = text.xcconfig; name = "Pods-DSFInspectorPanes_Demo.debug.xcconfig"; path = "Target Support Files/Pods-DSFInspectorPanes_Demo/Pods-DSFInspectorPanes_Demo.debug.xcconfig"; sourceTree = "<group>"; };
		F074F635E3F9FE02E61198FD /* Pods_DSFInspectorPanes_Demo.framework */ = {isa = PBXFileReference; explicitFileType = wrapper.framework; includeInIndex = 0; path = Pods_DSFInspectorPanes_Demo.framework; sourceTree = BUILT_PRODUCTS_DIR; };
		F683888C2795668EC329D294 /* Pods-DSFInspectorPanes_Demo.release.xcconfig */ = {isa = PBXFileReference; includeInIndex = 1; lastKnownFileType = text.xcconfig; name = "Pods-DSFInspectorPanes_Demo.release.xcconfig"; path = "Target Support Files/Pods-DSFInspectorPanes_Demo/Pods-DSFInspectorPanes_Demo.release.xcconfig"; sourceTree = "<group>"; };
/* End PBXFileReference section */

/* Begin PBXFrameworksBuildPhase section */
		23263F882278F63E00B4FEF0 /* Frameworks */ = {
			isa = PBXFrameworksBuildPhase;
			buildActionMask = 2147483647;
			files = (
				ED9FDD3F5606641B0D056728 /* Pods_DSFInspectorPanes_Demo.framework in Frameworks */,
			);
			runOnlyForDeploymentPostprocessing = 0;
		};
/* End PBXFrameworksBuildPhase section */

/* Begin PBXGroup section */
		23263F702278F60400B4FEF0 = {
			isa = PBXGroup;
			children = (
				23263F8C2278F63E00B4FEF0 /* DSFInspectorPanes_Demo */,
				23263F7B2278F60400B4FEF0 /* Products */,
				23263F992278F65400B4FEF0 /* Frameworks */,
				69602491ADA96A7AD2E71FAA /* Pods */,
			);
			sourceTree = "<group>";
		};
		23263F7B2278F60400B4FEF0 /* Products */ = {
			isa = PBXGroup;
			children = (
				23263F8B2278F63E00B4FEF0 /* DSFInspectorPanes_Demo.app */,
			);
			name = Products;
			sourceTree = "<group>";
		};
		23263F8C2278F63E00B4FEF0 /* DSFInspectorPanes_Demo */ = {
			isa = PBXGroup;
			children = (
				239B4B4D22ACA012004DA5D1 /* demo-controllers */,
				23263F8D2278F63E00B4FEF0 /* AppDelegate.swift */,
				23263F8F2278F63F00B4FEF0 /* Assets.xcassets */,
				23263F912278F63F00B4FEF0 /* MainMenu.xib */,
				23263F942278F63F00B4FEF0 /* Info.plist */,
				23263F952278F63F00B4FEF0 /* DSFInspectorPanes_Demo.entitlements */,
			);
			path = DSFInspectorPanes_Demo;
			sourceTree = "<group>";
		};
		23263F992278F65400B4FEF0 /* Frameworks */ = {
			isa = PBXGroup;
			children = (
				F074F635E3F9FE02E61198FD /* Pods_DSFInspectorPanes_Demo.framework */,
			);
			name = Frameworks;
			sourceTree = "<group>";
		};
		239B4B4D22ACA012004DA5D1 /* demo-controllers */ = {
			isa = PBXGroup;
			children = (
				23A31BFD22AF94BD00B70488 /* window-view */,
				23A31BFC22AF946200B70488 /* property-view */,
				23A31BEE22AF814600B70488 /* main-view */,
			);
			path = "demo-controllers";
			sourceTree = "<group>";
		};
		23A31BEE22AF814600B70488 /* main-view */ = {
			isa = PBXGroup;
			children = (
				23A31BEF22AF815C00B70488 /* ShortDescriptionViewController.swift */,
				23A31BF022AF815C00B70488 /* ShortDescriptionViewController.xib */,
				23A31BF322AF816E00B70488 /* LongDescriptionViewController.swift */,
				23A31BF422AF816E00B70488 /* LongDescriptionViewController.xib */,
				23A31BF722AF84B600B70488 /* ImageViewController.swift */,
				23A31BF822AF84B600B70488 /* ImageViewController.xib */,
				23A31BEA22AF7EE100B70488 /* MainViewController.swift */,
			);
			path = "main-view";
			sourceTree = "<group>";
		};
		23A31BFC22AF946200B70488 /* property-view */ = {
			isa = PBXGroup;
			children = (
				239B4B4E22ACA02A004DA5D1 /* SpacingViewController.swift */,
				239B4B4F22ACA02A004DA5D1 /* SpacingViewController.xib */,
				239B4B5222ACA0C4004DA5D1 /* AlignmentViewController.swift */,
				239B4B5322ACA0C4004DA5D1 /* AlignmentViewController.xib */,
				239B4B5622ACA13E004DA5D1 /* ColorViewController.swift */,
				239B4B5722ACA13E004DA5D1 /* ColorViewController.xib */,
				239B4B5A22ACA1EB004DA5D1 /* DescriptionFieldViewController.swift */,
				239B4B5B22ACA1EB004DA5D1 /* DescriptionFieldViewController.xib */,
				239B4B5E22ACA2AE004DA5D1 /* TextWithButtonViewController.swift */,
				239B4B5F22ACA2AE004DA5D1 /* TextWithButtonViewController.xib */,
				23B61DD222AC7A8F00098F3C /* DummyViewController.swift */,
				23B61DD322AC7A8F00098F3C /* DummyViewController.xib */,
				230CD65622F8F88600976C5D /* FillStrokeViewController.swift */,
				230CD65722F8F88600976C5D /* FillStrokeViewController.xib */,
				239B4B6422ACAE87004DA5D1 /* MainPropertyPanesViewController.swift */,
			);
			path = "property-view";
			sourceTree = "<group>";
		};
		23A31BFD22AF94BD00B70488 /* window-view */ = {
			isa = PBXGroup;
			children = (
				239B4B6822ACBA03004DA5D1 /* WindowPropertyPanesViewController.swift */,
			);
			path = "window-view";
			sourceTree = "<group>";
		};
		69602491ADA96A7AD2E71FAA /* Pods */ = {
			isa = PBXGroup;
			children = (
				E403AF6AB3A098D9D6C6C5AE /* Pods-DSFInspectorPanes_Demo.debug.xcconfig */,
				F683888C2795668EC329D294 /* Pods-DSFInspectorPanes_Demo.release.xcconfig */,
			);
			path = Pods;
			sourceTree = "<group>";
		};
/* End PBXGroup section */

/* Begin PBXNativeTarget section */
		23263F8A2278F63E00B4FEF0 /* DSFInspectorPanes_Demo */ = {
			isa = PBXNativeTarget;
			buildConfigurationList = 23263F962278F63F00B4FEF0 /* Build configuration list for PBXNativeTarget "DSFInspectorPanes_Demo" */;
			buildPhases = (
				AA71F3A65908C4CF080AECF4 /* [CP] Check Pods Manifest.lock */,
				23263F872278F63E00B4FEF0 /* Sources */,
				23263F882278F63E00B4FEF0 /* Frameworks */,
				23263F892278F63E00B4FEF0 /* Resources */,
				236A157E22AFD1E2007FCB8F /* CopyFiles */,
				3FD44044BE0693020D2A2C2F /* [CP] Embed Pods Frameworks */,
			);
			buildRules = (
			);
			dependencies = (
			);
			name = DSFInspectorPanes_Demo;
			productName = DSFInspectorPanes_Demo;
			productReference = 23263F8B2278F63E00B4FEF0 /* DSFInspectorPanes_Demo.app */;
			productType = "com.apple.product-type.application";
		};
/* End PBXNativeTarget section */

/* Begin PBXProject section */
		23263F712278F60400B4FEF0 /* Project object */ = {
			isa = PBXProject;
			attributes = {
				LastSwiftUpdateCheck = 1100;
				LastUpgradeCheck = 1020;
				ORGANIZATIONNAME = "Darren Ford";
				TargetAttributes = {
					23263F8A2278F63E00B4FEF0 = {
						CreatedOnToolsVersion = 10.2.1;
					};
				};
			};
			buildConfigurationList = 23263F742278F60400B4FEF0 /* Build configuration list for PBXProject "DSFInspectorPanes" */;
			compatibilityVersion = "Xcode 9.3";
			developmentRegion = en;
			hasScannedForEncodings = 0;
			knownRegions = (
				en,
				Base,
			);
			mainGroup = 23263F702278F60400B4FEF0;
			productRefGroup = 23263F7B2278F60400B4FEF0 /* Products */;
			projectDirPath = "";
			projectRoot = "";
			targets = (
				23263F8A2278F63E00B4FEF0 /* DSFInspectorPanes_Demo */,
			);
		};
/* End PBXProject section */

/* Begin PBXResourcesBuildPhase section */
		23263F892278F63E00B4FEF0 /* Resources */ = {
			isa = PBXResourcesBuildPhase;
			buildActionMask = 2147483647;
			files = (
				23263F902278F63F00B4FEF0 /* Assets.xcassets in Resources */,
				239B4B5D22ACA1EB004DA5D1 /* DescriptionFieldViewController.xib in Resources */,
				23A31BF622AF816E00B70488 /* LongDescriptionViewController.xib in Resources */,
				230CD65922F8F88600976C5D /* FillStrokeViewController.xib in Resources */,
				239B4B6122ACA2AE004DA5D1 /* TextWithButtonViewController.xib in Resources */,
				23B61DD522AC7A8F00098F3C /* DummyViewController.xib in Resources */,
				239B4B5922ACA13E004DA5D1 /* ColorViewController.xib in Resources */,
				239B4B5522ACA0C4004DA5D1 /* AlignmentViewController.xib in Resources */,
				239B4B5122ACA02A004DA5D1 /* SpacingViewController.xib in Resources */,
				23A31BF222AF815C00B70488 /* ShortDescriptionViewController.xib in Resources */,
				23A31BFA22AF84B600B70488 /* ImageViewController.xib in Resources */,
				23263F932278F63F00B4FEF0 /* MainMenu.xib in Resources */,
			);
			runOnlyForDeploymentPostprocessing = 0;
		};
/* End PBXResourcesBuildPhase section */

/* Begin PBXShellScriptBuildPhase section */
		3FD44044BE0693020D2A2C2F /* [CP] Embed Pods Frameworks */ = {
			isa = PBXShellScriptBuildPhase;
			buildActionMask = 2147483647;
			files = (
			);
			inputFileListPaths = (
				"${PODS_ROOT}/Target Support Files/Pods-DSFInspectorPanes_Demo/Pods-DSFInspectorPanes_Demo-frameworks-${CONFIGURATION}-input-files.xcfilelist",
			);
			name = "[CP] Embed Pods Frameworks";
			outputFileListPaths = (
				"${PODS_ROOT}/Target Support Files/Pods-DSFInspectorPanes_Demo/Pods-DSFInspectorPanes_Demo-frameworks-${CONFIGURATION}-output-files.xcfilelist",
			);
			runOnlyForDeploymentPostprocessing = 0;
			shellPath = /bin/sh;
			shellScript = "\"${PODS_ROOT}/Target Support Files/Pods-DSFInspectorPanes_Demo/Pods-DSFInspectorPanes_Demo-frameworks.sh\"\n";
			showEnvVarsInLog = 0;
		};
		AA71F3A65908C4CF080AECF4 /* [CP] Check Pods Manifest.lock */ = {
			isa = PBXShellScriptBuildPhase;
			buildActionMask = 2147483647;
			files = (
			);
			inputFileListPaths = (
			);
			inputPaths = (
				"${PODS_PODFILE_DIR_PATH}/Podfile.lock",
				"${PODS_ROOT}/Manifest.lock",
			);
			name = "[CP] Check Pods Manifest.lock";
			outputFileListPaths = (
			);
			outputPaths = (
				"$(DERIVED_FILE_DIR)/Pods-DSFInspectorPanes_Demo-checkManifestLockResult.txt",
			);
			runOnlyForDeploymentPostprocessing = 0;
			shellPath = /bin/sh;
			shellScript = "diff \"${PODS_PODFILE_DIR_PATH}/Podfile.lock\" \"${PODS_ROOT}/Manifest.lock\" > /dev/null\nif [ $? != 0 ] ; then\n    # print error to STDERR\n    echo \"error: The sandbox is not in sync with the Podfile.lock. Run 'pod install' or update your CocoaPods installation.\" >&2\n    exit 1\nfi\n# This output is used by Xcode 'outputs' to avoid re-running this script phase.\necho \"SUCCESS\" > \"${SCRIPT_OUTPUT_FILE_0}\"\n";
			showEnvVarsInLog = 0;
		};
/* End PBXShellScriptBuildPhase section */

/* Begin PBXSourcesBuildPhase section */
		23263F872278F63E00B4FEF0 /* Sources */ = {
			isa = PBXSourcesBuildPhase;
			buildActionMask = 2147483647;
			files = (
				239B4B6622ACAE87004DA5D1 /* MainPropertyPanesViewController.swift in Sources */,
				239B4B5022ACA02A004DA5D1 /* SpacingViewController.swift in Sources */,
				239B4B6A22ACBA03004DA5D1 /* WindowPropertyPanesViewController.swift in Sources */,
				230CD65822F8F88600976C5D /* FillStrokeViewController.swift in Sources */,
				23263F8E2278F63E00B4FEF0 /* AppDelegate.swift in Sources */,
				239B4B6022ACA2AE004DA5D1 /* TextWithButtonViewController.swift in Sources */,
				239B4B5422ACA0C4004DA5D1 /* AlignmentViewController.swift in Sources */,
				23A31BF922AF84B600B70488 /* ImageViewController.swift in Sources */,
				23A31BF122AF815C00B70488 /* ShortDescriptionViewController.swift in Sources */,
				239B4B5822ACA13E004DA5D1 /* ColorViewController.swift in Sources */,
				239B4B5C22ACA1EB004DA5D1 /* DescriptionFieldViewController.swift in Sources */,
				23A31BF522AF816E00B70488 /* LongDescriptionViewController.swift in Sources */,
				23B61DD422AC7A8F00098F3C /* DummyViewController.swift in Sources */,
				23A31BEC22AF7EE100B70488 /* MainViewController.swift in Sources */,
			);
			runOnlyForDeploymentPostprocessing = 0;
		};
/* End PBXSourcesBuildPhase section */

/* Begin PBXVariantGroup section */
		23263F912278F63F00B4FEF0 /* MainMenu.xib */ = {
			isa = PBXVariantGroup;
			children = (
				23263F922278F63F00B4FEF0 /* Base */,
			);
			name = MainMenu.xib;
			sourceTree = "<group>";
		};
/* End PBXVariantGroup section */

/* Begin XCBuildConfiguration section */
		23263F802278F60400B4FEF0 /* Debug */ = {
			isa = XCBuildConfiguration;
			buildSettings = {
				ALWAYS_SEARCH_USER_PATHS = NO;
				CLANG_ANALYZER_NONNULL = YES;
				CLANG_ANALYZER_NUMBER_OBJECT_CONVERSION = YES_AGGRESSIVE;
				CLANG_CXX_LANGUAGE_STANDARD = "gnu++14";
				CLANG_CXX_LIBRARY = "libc++";
				CLANG_ENABLE_MODULES = YES;
				CLANG_ENABLE_OBJC_ARC = YES;
				CLANG_ENABLE_OBJC_WEAK = YES;
				CLANG_WARN_BLOCK_CAPTURE_AUTORELEASING = YES;
				CLANG_WARN_BOOL_CONVERSION = YES;
				CLANG_WARN_COMMA = YES;
				CLANG_WARN_CONSTANT_CONVERSION = YES;
				CLANG_WARN_DEPRECATED_OBJC_IMPLEMENTATIONS = YES;
				CLANG_WARN_DIRECT_OBJC_ISA_USAGE = YES_ERROR;
				CLANG_WARN_DOCUMENTATION_COMMENTS = YES;
				CLANG_WARN_EMPTY_BODY = YES;
				CLANG_WARN_ENUM_CONVERSION = YES;
				CLANG_WARN_INFINITE_RECURSION = YES;
				CLANG_WARN_INT_CONVERSION = YES;
				CLANG_WARN_NON_LITERAL_NULL_CONVERSION = YES;
				CLANG_WARN_OBJC_IMPLICIT_RETAIN_SELF = YES;
				CLANG_WARN_OBJC_LITERAL_CONVERSION = YES;
				CLANG_WARN_OBJC_ROOT_CLASS = YES_ERROR;
				CLANG_WARN_RANGE_LOOP_ANALYSIS = YES;
				CLANG_WARN_STRICT_PROTOTYPES = YES;
				CLANG_WARN_SUSPICIOUS_MOVE = YES;
				CLANG_WARN_UNGUARDED_AVAILABILITY = YES_AGGRESSIVE;
				CLANG_WARN_UNREACHABLE_CODE = YES;
				CLANG_WARN__DUPLICATE_METHOD_MATCH = YES;
				CODE_SIGN_IDENTITY = "Mac Developer";
				COPY_PHASE_STRIP = NO;
				CURRENT_PROJECT_VERSION = 1;
				DEBUG_INFORMATION_FORMAT = dwarf;
				ENABLE_STRICT_OBJC_MSGSEND = YES;
				ENABLE_TESTABILITY = YES;
				GCC_C_LANGUAGE_STANDARD = gnu11;
				GCC_DYNAMIC_NO_PIC = NO;
				GCC_NO_COMMON_BLOCKS = YES;
				GCC_OPTIMIZATION_LEVEL = 0;
				GCC_PREPROCESSOR_DEFINITIONS = (
					"DEBUG=1",
					"$(inherited)",
				);
				GCC_WARN_64_TO_32_BIT_CONVERSION = YES;
				GCC_WARN_ABOUT_RETURN_TYPE = YES_ERROR;
				GCC_WARN_UNDECLARED_SELECTOR = YES;
				GCC_WARN_UNINITIALIZED_AUTOS = YES_AGGRESSIVE;
				GCC_WARN_UNUSED_FUNCTION = YES;
				GCC_WARN_UNUSED_VARIABLE = YES;
				MACOSX_DEPLOYMENT_TARGET = 10.11;
				MTL_ENABLE_DEBUG_INFO = INCLUDE_SOURCE;
				MTL_FAST_MATH = YES;
				ONLY_ACTIVE_ARCH = YES;
				SDKROOT = macosx;
				SWIFT_ACTIVE_COMPILATION_CONDITIONS = DEBUG;
				SWIFT_OPTIMIZATION_LEVEL = "-Onone";
				VERSIONING_SYSTEM = "apple-generic";
				VERSION_INFO_PREFIX = "";
			};
			name = Debug;
		};
		23263F812278F60400B4FEF0 /* Release */ = {
			isa = XCBuildConfiguration;
			buildSettings = {
				ALWAYS_SEARCH_USER_PATHS = NO;
				CLANG_ANALYZER_NONNULL = YES;
				CLANG_ANALYZER_NUMBER_OBJECT_CONVERSION = YES_AGGRESSIVE;
				CLANG_CXX_LANGUAGE_STANDARD = "gnu++14";
				CLANG_CXX_LIBRARY = "libc++";
				CLANG_ENABLE_MODULES = YES;
				CLANG_ENABLE_OBJC_ARC = YES;
				CLANG_ENABLE_OBJC_WEAK = YES;
				CLANG_WARN_BLOCK_CAPTURE_AUTORELEASING = YES;
				CLANG_WARN_BOOL_CONVERSION = YES;
				CLANG_WARN_COMMA = YES;
				CLANG_WARN_CONSTANT_CONVERSION = YES;
				CLANG_WARN_DEPRECATED_OBJC_IMPLEMENTATIONS = YES;
				CLANG_WARN_DIRECT_OBJC_ISA_USAGE = YES_ERROR;
				CLANG_WARN_DOCUMENTATION_COMMENTS = YES;
				CLANG_WARN_EMPTY_BODY = YES;
				CLANG_WARN_ENUM_CONVERSION = YES;
				CLANG_WARN_INFINITE_RECURSION = YES;
				CLANG_WARN_INT_CONVERSION = YES;
				CLANG_WARN_NON_LITERAL_NULL_CONVERSION = YES;
				CLANG_WARN_OBJC_IMPLICIT_RETAIN_SELF = YES;
				CLANG_WARN_OBJC_LITERAL_CONVERSION = YES;
				CLANG_WARN_OBJC_ROOT_CLASS = YES_ERROR;
				CLANG_WARN_RANGE_LOOP_ANALYSIS = YES;
				CLANG_WARN_STRICT_PROTOTYPES = YES;
				CLANG_WARN_SUSPICIOUS_MOVE = YES;
				CLANG_WARN_UNGUARDED_AVAILABILITY = YES_AGGRESSIVE;
				CLANG_WARN_UNREACHABLE_CODE = YES;
				CLANG_WARN__DUPLICATE_METHOD_MATCH = YES;
				CODE_SIGN_IDENTITY = "Mac Developer";
				COPY_PHASE_STRIP = NO;
				CURRENT_PROJECT_VERSION = 1;
				DEBUG_INFORMATION_FORMAT = "dwarf-with-dsym";
				ENABLE_NS_ASSERTIONS = NO;
				ENABLE_STRICT_OBJC_MSGSEND = YES;
				GCC_C_LANGUAGE_STANDARD = gnu11;
				GCC_NO_COMMON_BLOCKS = YES;
				GCC_WARN_64_TO_32_BIT_CONVERSION = YES;
				GCC_WARN_ABOUT_RETURN_TYPE = YES_ERROR;
				GCC_WARN_UNDECLARED_SELECTOR = YES;
				GCC_WARN_UNINITIALIZED_AUTOS = YES_AGGRESSIVE;
				GCC_WARN_UNUSED_FUNCTION = YES;
				GCC_WARN_UNUSED_VARIABLE = YES;
				MACOSX_DEPLOYMENT_TARGET = 10.11;
				MTL_ENABLE_DEBUG_INFO = NO;
				MTL_FAST_MATH = YES;
				SDKROOT = macosx;
				SWIFT_COMPILATION_MODE = wholemodule;
				SWIFT_OPTIMIZATION_LEVEL = "-O";
				VERSIONING_SYSTEM = "apple-generic";
				VERSION_INFO_PREFIX = "";
			};
			name = Release;
		};
		23263F972278F63F00B4FEF0 /* Debug */ = {
			isa = XCBuildConfiguration;
			baseConfigurationReference = E403AF6AB3A098D9D6C6C5AE /* Pods-DSFInspectorPanes_Demo.debug.xcconfig */;
			buildSettings = {
				ASSETCATALOG_COMPILER_APPICON_NAME = AppIcon;
				CODE_SIGN_ENTITLEMENTS = DSFInspectorPanes_Demo/DSFInspectorPanes_Demo.entitlements;
				CODE_SIGN_IDENTITY = "-";
				CODE_SIGN_STYLE = Automatic;
				COMBINE_HIDPI_IMAGES = YES;
				DEVELOPMENT_TEAM = 3L6RK3LGGW;
				INFOPLIST_FILE = DSFInspectorPanes_Demo/Info.plist;
				LD_RUNPATH_SEARCH_PATHS = (
					"$(inherited)",
					"@executable_path/../Frameworks",
				);
				MACOSX_DEPLOYMENT_TARGET = 10.12;
				PRODUCT_BUNDLE_IDENTIFIER = "com.darrenford.DSFInspectorPanes-Demo";
				PRODUCT_NAME = "$(TARGET_NAME)";
				SWIFT_VERSION = 5.0;
			};
			name = Debug;
		};
		23263F982278F63F00B4FEF0 /* Release */ = {
			isa = XCBuildConfiguration;
			baseConfigurationReference = F683888C2795668EC329D294 /* Pods-DSFInspectorPanes_Demo.release.xcconfig */;
			buildSettings = {
				ASSETCATALOG_COMPILER_APPICON_NAME = AppIcon;
				CODE_SIGN_ENTITLEMENTS = DSFInspectorPanes_Demo/DSFInspectorPanes_Demo.entitlements;
				CODE_SIGN_IDENTITY = "-";
				CODE_SIGN_STYLE = Automatic;
				COMBINE_HIDPI_IMAGES = YES;
				DEVELOPMENT_TEAM = 3L6RK3LGGW;
				INFOPLIST_FILE = DSFInspectorPanes_Demo/Info.plist;
				LD_RUNPATH_SEARCH_PATHS = (
					"$(inherited)",
					"@executable_path/../Frameworks",
				);
				MACOSX_DEPLOYMENT_TARGET = 10.12;
				PRODUCT_BUNDLE_IDENTIFIER = "com.darrenford.DSFInspectorPanes-Demo";
				PRODUCT_NAME = "$(TARGET_NAME)";
				SWIFT_VERSION = 5.0;
			};
			name = Release;
		};
/* End XCBuildConfiguration section */

/* Begin XCConfigurationList section */
		23263F742278F60400B4FEF0 /* Build configuration list for PBXProject "DSFInspectorPanes" */ = {
			isa = XCConfigurationList;
			buildConfigurations = (
				23263F802278F60400B4FEF0 /* Debug */,
				23263F812278F60400B4FEF0 /* Release */,
			);
			defaultConfigurationIsVisible = 0;
			defaultConfigurationName = Release;
		};
		23263F962278F63F00B4FEF0 /* Build configuration list for PBXNativeTarget "DSFInspectorPanes_Demo" */ = {
			isa = XCConfigurationList;
			buildConfigurations = (
				23263F972278F63F00B4FEF0 /* Debug */,
				23263F982278F63F00B4FEF0 /* Release */,
			);
			defaultConfigurationIsVisible = 0;
			defaultConfigurationName = Release;
		};
/* End XCConfigurationList section */
	};
	rootObject = 23263F712278F60400B4FEF0 /* Project object */;
}
