// !$*UTF8*$!
{
	archiveVersion = 1;
	classes = {
	};
	objectVersion = 52;
	objects = {

/* Begin PBXBuildFile section */
		230CD65822F8F88600976C5D /* FillStrokeViewController.swift in Sources */ = {isa = PBXBuildFile; fileRef = 230CD65622F8F88600976C5D /* FillStrokeViewController.swift */; };
		230CD65922F8F88600976C5D /* FillStrokeViewController.xib in Resources */ = {isa = PBXBuildFile; fileRef = 230CD65722F8F88600976C5D /* FillStrokeViewController.xib */; };
		23263F8E2278F63E00B4FEF0 /* AppDelegate.swift in Sources */ = {isa = PBXBuildFile; fileRef = 23263F8D2278F63E00B4FEF0 /* AppDelegate.swift */; };
		23263F902278F63F00B4FEF0 /* Assets.xcassets in Resources */ = {isa = PBXBuildFile; fileRef = 23263F8F2278F63F00B4FEF0 /* Assets.xcassets */; };
		23263F932278F63F00B4FEF0 /* MainMenu.xib in Resources */ = {isa = PBXBuildFile; fileRef = 23263F912278F63F00B4FEF0 /* MainMenu.xib */; };
		23896C79255B701500242C19 /* DSFToggleButton in Frameworks */ = {isa = PBXBuildFile; productRef = 23896C78255B701500242C19 /* DSFToggleButton */; };
		2393EE0A255B558B00AEB226 /* DSFStepperView in Frameworks */ = {isa = PBXBuildFile; productRef = 2393EE09255B558B00AEB226 /* DSFStepperView */; };
		2393EE0E255B564A00AEB226 /* FramePropertyPaneViewController.swift in Sources */ = {isa = PBXBuildFile; fileRef = 2393EE0C255B564A00AEB226 /* FramePropertyPaneViewController.swift */; };
		2393EE0F255B564A00AEB226 /* FramePropertyPaneViewController.xib in Resources */ = {isa = PBXBuildFile; fileRef = 2393EE0D255B564A00AEB226 /* FramePropertyPaneViewController.xib */; };
		239B4B5022ACA02A004DA5D1 /* SpacingViewController.swift in Sources */ = {isa = PBXBuildFile; fileRef = 239B4B4E22ACA02A004DA5D1 /* SpacingViewController.swift */; };
		239B4B5122ACA02A004DA5D1 /* SpacingViewController.xib in Resources */ = {isa = PBXBuildFile; fileRef = 239B4B4F22ACA02A004DA5D1 /* SpacingViewController.xib */; };
		239B4B5422ACA0C4004DA5D1 /* AlignmentViewController.swift in Sources */ = {isa = PBXBuildFile; fileRef = 239B4B5222ACA0C4004DA5D1 /* AlignmentViewController.swift */; };
		239B4B5522ACA0C4004DA5D1 /* AlignmentViewController.xib in Resources */ = {isa = PBXBuildFile; fileRef = 239B4B5322ACA0C4004DA5D1 /* AlignmentViewController.xib */; };
		239B4B5822ACA13E004DA5D1 /* ColorViewController.swift in Sources */ = {isa = PBXBuildFile; fileRef = 239B4B5622ACA13E004DA5D1 /* ColorViewController.swift */; };
		239B4B5922ACA13E004DA5D1 /* ColorViewController.xib in Resources */ = {isa = PBXBuildFile; fileRef = 239B4B5722ACA13E004DA5D1 /* ColorViewController.xib */; };
		239B4B5C22ACA1EB004DA5D1 /* DescriptionFieldViewController.swift in Sources */ = {isa = PBXBuildFile; fileRef = 239B4B5A22ACA1EB004DA5D1 /* DescriptionFieldViewController.swift */; };
		239B4B5D22ACA1EB004DA5D1 /* DescriptionFieldViewController.xib in Resources */ = {isa = PBXBuildFile; fileRef = 239B4B5B22ACA1EB004DA5D1 /* DescriptionFieldViewController.xib */; };
		239B4B6022ACA2AE004DA5D1 /* TextWithButtonViewController.swift in Sources */ = {isa = PBXBuildFile; fileRef = 239B4B5E22ACA2AE004DA5D1 /* TextWithButtonViewController.swift */; };
		239B4B6122ACA2AE004DA5D1 /* TextWithButtonViewController.xib in Resources */ = {isa = PBXBuildFile; fileRef = 239B4B5F22ACA2AE004DA5D1 /* TextWithButtonViewController.xib */; };
		239B4B6622ACAE87004DA5D1 /* MainPropertyPanesViewController.swift in Sources */ = {isa = PBXBuildFile; fileRef = 239B4B6422ACAE87004DA5D1 /* MainPropertyPanesViewController.swift */; };
		239B4B6A22ACBA03004DA5D1 /* WindowPropertyPanesViewController.swift in Sources */ = {isa = PBXBuildFile; fileRef = 239B4B6822ACBA03004DA5D1 /* WindowPropertyPanesViewController.swift */; };
		23A31BEC22AF7EE100B70488 /* MainViewController.swift in Sources */ = {isa = PBXBuildFile; fileRef = 23A31BEA22AF7EE100B70488 /* MainViewController.swift */; };
		23A31BF122AF815C00B70488 /* ShortDescriptionViewController.swift in Sources */ = {isa = PBXBuildFile; fileRef = 23A31BEF22AF815C00B70488 /* ShortDescriptionViewController.swift */; };
		23A31BF222AF815C00B70488 /* ShortDescriptionViewController.xib in Resources */ = {isa = PBXBuildFile; fileRef = 23A31BF022AF815C00B70488 /* ShortDescriptionViewController.xib */; };
		23A31BF522AF816E00B70488 /* LongDescriptionViewController.swift in Sources */ = {isa = PBXBuildFile; fileRef = 23A31BF322AF816E00B70488 /* LongDescriptionViewController.swift */; };
		23A31BF622AF816E00B70488 /* LongDescriptionViewController.xib in Resources */ = {isa = PBXBuildFile; fileRef = 23A31BF422AF816E00B70488 /* LongDescriptionViewController.xib */; };
		23A31BF922AF84B600B70488 /* ImageViewController.swift in Sources */ = {isa = PBXBuildFile; fileRef = 23A31BF722AF84B600B70488 /* ImageViewController.swift */; };
		23A31BFA22AF84B600B70488 /* ImageViewController.xib in Resources */ = {isa = PBXBuildFile; fileRef = 23A31BF822AF84B600B70488 /* ImageViewController.xib */; };
		23B61DD422AC7A8F00098F3C /* DummyViewController.swift in Sources */ = {isa = PBXBuildFile; fileRef = 23B61DD222AC7A8F00098F3C /* DummyViewController.swift */; };
		23B61DD522AC7A8F00098F3C /* DummyViewController.xib in Resources */ = {isa = PBXBuildFile; fileRef = 23B61DD322AC7A8F00098F3C /* DummyViewController.xib */; };
		23F1F3712558A16300741E22 /* DSFInspectorPanes in Frameworks */ = {isa = PBXBuildFile; productRef = 23F1F3702558A16300741E22 /* DSFInspectorPanes */; };
		23F1F37B2558A1E300741E22 /* AppDelegate.swift in Sources */ = {isa = PBXBuildFile; fileRef = 23F1F37A2558A1E300741E22 /* AppDelegate.swift */; };
		23F1F37D2558A1E300741E22 /* ViewController.swift in Sources */ = {isa = PBXBuildFile; fileRef = 23F1F37C2558A1E300741E22 /* ViewController.swift */; };
		23F1F37F2558A1E400741E22 /* Assets.xcassets in Resources */ = {isa = PBXBuildFile; fileRef = 23F1F37E2558A1E400741E22 /* Assets.xcassets */; };
		23F1F3822558A1E400741E22 /* Main.storyboard in Resources */ = {isa = PBXBuildFile; fileRef = 23F1F3802558A1E400741E22 /* Main.storyboard */; };
		23F1F38A2558A26E00741E22 /* XcodePropertyPaneViewController.swift in Sources */ = {isa = PBXBuildFile; fileRef = 23F1F3892558A26E00741E22 /* XcodePropertyPaneViewController.swift */; };
		23F1F38D2558A33700741E22 /* DSFInspectorPanes in Frameworks */ = {isa = PBXBuildFile; productRef = 23F1F38C2558A33700741E22 /* DSFInspectorPanes */; };
		23F1F3922558A3A500741E22 /* PreviewViewController.swift in Sources */ = {isa = PBXBuildFile; fileRef = 23F1F3902558A3A500741E22 /* PreviewViewController.swift */; };
		23F1F3932558A3A500741E22 /* PreviewViewController.xib in Resources */ = {isa = PBXBuildFile; fileRef = 23F1F3912558A3A500741E22 /* PreviewViewController.xib */; };
		23F1F3982558A69B00741E22 /* ColorSchemePropertyPaneViewController.swift in Sources */ = {isa = PBXBuildFile; fileRef = 23F1F3962558A69B00741E22 /* ColorSchemePropertyPaneViewController.swift */; };
		23F1F3992558A69B00741E22 /* ColorSchemePropertyPaneViewController.xib in Resources */ = {isa = PBXBuildFile; fileRef = 23F1F3972558A69B00741E22 /* ColorSchemePropertyPaneViewController.xib */; };
		23F1F39D2558A7F100741E22 /* DynamicTypePropertyPaneViewController.swift in Sources */ = {isa = PBXBuildFile; fileRef = 23F1F39B2558A7F100741E22 /* DynamicTypePropertyPaneViewController.swift */; };
		23F1F39E2558A7F100741E22 /* DynamicTypePropertyPaneViewController.xib in Resources */ = {isa = PBXBuildFile; fileRef = 23F1F39C2558A7F100741E22 /* DynamicTypePropertyPaneViewController.xib */; };
/* End PBXBuildFile section */

/* Begin PBXCopyFilesBuildPhase section */
		236A157E22AFD1E2007FCB8F /* CopyFiles */ = {
			isa = PBXCopyFilesBuildPhase;
			buildActionMask = 2147483647;
			dstPath = "";
			dstSubfolderSpec = 10;
			files = (
			);
			runOnlyForDeploymentPostprocessing = 0;
		};
/* End PBXCopyFilesBuildPhase section */

/* Begin PBXFileReference section */
		230CD65622F8F88600976C5D /* FillStrokeViewController.swift */ = {isa = PBXFileReference; lastKnownFileType = sourcecode.swift; path = FillStrokeViewController.swift; sourceTree = "<group>"; };
		230CD65722F8F88600976C5D /* FillStrokeViewController.xib */ = {isa = PBXFileReference; lastKnownFileType = file.xib; path = FillStrokeViewController.xib; sourceTree = "<group>"; };
		23263F8B2278F63E00B4FEF0 /* DSFInspectorPanes_Demo.app */ = {isa = PBXFileReference; explicitFileType = wrapper.application; includeInIndex = 0; path = DSFInspectorPanes_Demo.app; sourceTree = BUILT_PRODUCTS_DIR; };
		23263F8D2278F63E00B4FEF0 /* AppDelegate.swift */ = {isa = PBXFileReference; lastKnownFileType = sourcecode.swift; path = AppDelegate.swift; sourceTree = "<group>"; };
		23263F8F2278F63F00B4FEF0 /* Assets.xcassets */ = {isa = PBXFileReference; lastKnownFileType = folder.assetcatalog; path = Assets.xcassets; sourceTree = "<group>"; };
		23263F922278F63F00B4FEF0 /* Base */ = {isa = PBXFileReference; lastKnownFileType = file.xib; name = Base; path = Base.lproj/MainMenu.xib; sourceTree = "<group>"; };
		23263F942278F63F00B4FEF0 /* Info.plist */ = {isa = PBXFileReference; lastKnownFileType = text.plist.xml; path = Info.plist; sourceTree = "<group>"; };
		23263F952278F63F00B4FEF0 /* DSFInspectorPanes_Demo.entitlements */ = {isa = PBXFileReference; lastKnownFileType = text.plist.entitlements; path = DSFInspectorPanes_Demo.entitlements; sourceTree = "<group>"; };
		2393EE0C255B564A00AEB226 /* FramePropertyPaneViewController.swift */ = {isa = PBXFileReference; lastKnownFileType = sourcecode.swift; path = FramePropertyPaneViewController.swift; sourceTree = "<group>"; };
		2393EE0D255B564A00AEB226 /* FramePropertyPaneViewController.xib */ = {isa = PBXFileReference; lastKnownFileType = file.xib; path = FramePropertyPaneViewController.xib; sourceTree = "<group>"; };
		239B4B4E22ACA02A004DA5D1 /* SpacingViewController.swift */ = {isa = PBXFileReference; lastKnownFileType = sourcecode.swift; path = SpacingViewController.swift; sourceTree = "<group>"; };
		239B4B4F22ACA02A004DA5D1 /* SpacingViewController.xib */ = {isa = PBXFileReference; lastKnownFileType = file.xib; path = SpacingViewController.xib; sourceTree = "<group>"; };
		239B4B5222ACA0C4004DA5D1 /* AlignmentViewController.swift */ = {isa = PBXFileReference; lastKnownFileType = sourcecode.swift; path = AlignmentViewController.swift; sourceTree = "<group>"; };
		239B4B5322ACA0C4004DA5D1 /* AlignmentViewController.xib */ = {isa = PBXFileReference; lastKnownFileType = file.xib; path = AlignmentViewController.xib; sourceTree = "<group>"; };
		239B4B5622ACA13E004DA5D1 /* ColorViewController.swift */ = {isa = PBXFileReference; lastKnownFileType = sourcecode.swift; path = ColorViewController.swift; sourceTree = "<group>"; };
		239B4B5722ACA13E004DA5D1 /* ColorViewController.xib */ = {isa = PBXFileReference; lastKnownFileType = file.xib; path = ColorViewController.xib; sourceTree = "<group>"; };
		239B4B5A22ACA1EB004DA5D1 /* DescriptionFieldViewController.swift */ = {isa = PBXFileReference; lastKnownFileType = sourcecode.swift; path = DescriptionFieldViewController.swift; sourceTree = "<group>"; };
		239B4B5B22ACA1EB004DA5D1 /* DescriptionFieldViewController.xib */ = {isa = PBXFileReference; lastKnownFileType = file.xib; path = DescriptionFieldViewController.xib; sourceTree = "<group>"; };
		239B4B5E22ACA2AE004DA5D1 /* TextWithButtonViewController.swift */ = {isa = PBXFileReference; lastKnownFileType = sourcecode.swift; path = TextWithButtonViewController.swift; sourceTree = "<group>"; };
		239B4B5F22ACA2AE004DA5D1 /* TextWithButtonViewController.xib */ = {isa = PBXFileReference; lastKnownFileType = file.xib; path = TextWithButtonViewController.xib; sourceTree = "<group>"; };
		239B4B6422ACAE87004DA5D1 /* MainPropertyPanesViewController.swift */ = {isa = PBXFileReference; lastKnownFileType = sourcecode.swift; path = MainPropertyPanesViewController.swift; sourceTree = "<group>"; };
		239B4B6822ACBA03004DA5D1 /* WindowPropertyPanesViewController.swift */ = {isa = PBXFileReference; lastKnownFileType = sourcecode.swift; path = WindowPropertyPanesViewController.swift; sourceTree = "<group>"; };
		23A31BEA22AF7EE100B70488 /* MainViewController.swift */ = {isa = PBXFileReference; lastKnownFileType = sourcecode.swift; path = MainViewController.swift; sourceTree = "<group>"; };
		23A31BEF22AF815C00B70488 /* ShortDescriptionViewController.swift */ = {isa = PBXFileReference; lastKnownFileType = sourcecode.swift; path = ShortDescriptionViewController.swift; sourceTree = "<group>"; };
		23A31BF022AF815C00B70488 /* ShortDescriptionViewController.xib */ = {isa = PBXFileReference; lastKnownFileType = file.xib; path = ShortDescriptionViewController.xib; sourceTree = "<group>"; };
		23A31BF322AF816E00B70488 /* LongDescriptionViewController.swift */ = {isa = PBXFileReference; lastKnownFileType = sourcecode.swift; path = LongDescriptionViewController.swift; sourceTree = "<group>"; };
		23A31BF422AF816E00B70488 /* LongDescriptionViewController.xib */ = {isa = PBXFileReference; lastKnownFileType = file.xib; path = LongDescriptionViewController.xib; sourceTree = "<group>"; };
		23A31BF722AF84B600B70488 /* ImageViewController.swift */ = {isa = PBXFileReference; lastKnownFileType = sourcecode.swift; path = ImageViewController.swift; sourceTree = "<group>"; };
		23A31BF822AF84B600B70488 /* ImageViewController.xib */ = {isa = PBXFileReference; lastKnownFileType = file.xib; path = ImageViewController.xib; sourceTree = "<group>"; };
		23B61DD222AC7A8F00098F3C /* DummyViewController.swift */ = {isa = PBXFileReference; lastKnownFileType = sourcecode.swift; path = DummyViewController.swift; sourceTree = "<group>"; };
		23B61DD322AC7A8F00098F3C /* DummyViewController.xib */ = {isa = PBXFileReference; lastKnownFileType = file.xib; path = DummyViewController.xib; sourceTree = "<group>"; };
		23F1F36E2558A15600741E22 /* DSFInspectorPanes */ = {isa = PBXFileReference; lastKnownFileType = folder; name = DSFInspectorPanes; path = ..; sourceTree = "<group>"; };
		23F1F3782558A1E300741E22 /* xcode-pane-example.app */ = {isa = PBXFileReference; explicitFileType = wrapper.application; includeInIndex = 0; path = "xcode-pane-example.app"; sourceTree = BUILT_PRODUCTS_DIR; };
		23F1F37A2558A1E300741E22 /* AppDelegate.swift */ = {isa = PBXFileReference; lastKnownFileType = sourcecode.swift; path = AppDelegate.swift; sourceTree = "<group>"; };
		23F1F37C2558A1E300741E22 /* ViewController.swift */ = {isa = PBXFileReference; lastKnownFileType = sourcecode.swift; path = ViewController.swift; sourceTree = "<group>"; };
		23F1F37E2558A1E400741E22 /* Assets.xcassets */ = {isa = PBXFileReference; lastKnownFileType = folder.assetcatalog; path = Assets.xcassets; sourceTree = "<group>"; };
		23F1F3812558A1E400741E22 /* Base */ = {isa = PBXFileReference; lastKnownFileType = file.storyboard; name = Base; path = Base.lproj/Main.storyboard; sourceTree = "<group>"; };
		23F1F3832558A1E400741E22 /* Info.plist */ = {isa = PBXFileReference; lastKnownFileType = text.plist.xml; path = Info.plist; sourceTree = "<group>"; };
		23F1F3842558A1E400741E22 /* xcode_pane_example.entitlements */ = {isa = PBXFileReference; lastKnownFileType = text.plist.entitlements; path = xcode_pane_example.entitlements; sourceTree = "<group>"; };
		23F1F3892558A26E00741E22 /* XcodePropertyPaneViewController.swift */ = {isa = PBXFileReference; lastKnownFileType = sourcecode.swift; path = XcodePropertyPaneViewController.swift; sourceTree = "<group>"; };
		23F1F3902558A3A500741E22 /* PreviewViewController.swift */ = {isa = PBXFileReference; lastKnownFileType = sourcecode.swift; path = PreviewViewController.swift; sourceTree = "<group>"; };
		23F1F3912558A3A500741E22 /* PreviewViewController.xib */ = {isa = PBXFileReference; lastKnownFileType = file.xib; path = PreviewViewController.xib; sourceTree = "<group>"; };
		23F1F3962558A69B00741E22 /* ColorSchemePropertyPaneViewController.swift */ = {isa = PBXFileReference; lastKnownFileType = sourcecode.swift; path = ColorSchemePropertyPaneViewController.swift; sourceTree = "<group>"; };
		23F1F3972558A69B00741E22 /* ColorSchemePropertyPaneViewController.xib */ = {isa = PBXFileReference; lastKnownFileType = file.xib; path = ColorSchemePropertyPaneViewController.xib; sourceTree = "<group>"; };
		23F1F39B2558A7F100741E22 /* DynamicTypePropertyPaneViewController.swift */ = {isa = PBXFileReference; fileEncoding = 4; lastKnownFileType = sourcecode.swift; path = DynamicTypePropertyPaneViewController.swift; sourceTree = "<group>"; };
		23F1F39C2558A7F100741E22 /* DynamicTypePropertyPaneViewController.xib */ = {isa = PBXFileReference; fileEncoding = 4; lastKnownFileType = file.xib; path = DynamicTypePropertyPaneViewController.xib; sourceTree = "<group>"; };
/* End PBXFileReference section */

/* Begin PBXFrameworksBuildPhase section */
		23263F882278F63E00B4FEF0 /* Frameworks */ = {
			isa = PBXFrameworksBuildPhase;
			buildActionMask = 2147483647;
			files = (
				23F1F3712558A16300741E22 /* DSFInspectorPanes in Frameworks */,
			);
			runOnlyForDeploymentPostprocessing = 0;
		};
		23F1F3752558A1E300741E22 /* Frameworks */ = {
			isa = PBXFrameworksBuildPhase;
			buildActionMask = 2147483647;
			files = (
				23F1F38D2558A33700741E22 /* DSFInspectorPanes in Frameworks */,
				23896C79255B701500242C19 /* DSFToggleButton in Frameworks */,
				2393EE0A255B558B00AEB226 /* DSFStepperView in Frameworks */,
			);
			runOnlyForDeploymentPostprocessing = 0;
		};
/* End PBXFrameworksBuildPhase section */

/* Begin PBXGroup section */
		23263F702278F60400B4FEF0 = {
			isa = PBXGroup;
			children = (
				23F1F36E2558A15600741E22 /* DSFInspectorPanes */,
				23263F8C2278F63E00B4FEF0 /* DSFInspectorPanes_Demo */,
				23F1F3792558A1E300741E22 /* xcode-pane-example */,
				23263F7B2278F60400B4FEF0 /* Products */,
				23F1F36F2558A16300741E22 /* Frameworks */,
			);
			sourceTree = "<group>";
		};
		23263F7B2278F60400B4FEF0 /* Products */ = {
			isa = PBXGroup;
			children = (
				23263F8B2278F63E00B4FEF0 /* DSFInspectorPanes_Demo.app */,
				23F1F3782558A1E300741E22 /* xcode-pane-example.app */,
			);
			name = Products;
			sourceTree = "<group>";
		};
		23263F8C2278F63E00B4FEF0 /* DSFInspectorPanes_Demo */ = {
			isa = PBXGroup;
			children = (
				239B4B4D22ACA012004DA5D1 /* demo-controllers */,
				23263F8D2278F63E00B4FEF0 /* AppDelegate.swift */,
				23263F8F2278F63F00B4FEF0 /* Assets.xcassets */,
				23263F912278F63F00B4FEF0 /* MainMenu.xib */,
				23263F942278F63F00B4FEF0 /* Info.plist */,
				23263F952278F63F00B4FEF0 /* DSFInspectorPanes_Demo.entitlements */,
			);
			path = DSFInspectorPanes_Demo;
			sourceTree = "<group>";
		};
		239B4B4D22ACA012004DA5D1 /* demo-controllers */ = {
			isa = PBXGroup;
			children = (
				23A31BFD22AF94BD00B70488 /* window-view */,
				23A31BFC22AF946200B70488 /* property-view */,
				23A31BEE22AF814600B70488 /* main-view */,
			);
			path = "demo-controllers";
			sourceTree = "<group>";
		};
		23A31BEE22AF814600B70488 /* main-view */ = {
			isa = PBXGroup;
			children = (
				23A31BEF22AF815C00B70488 /* ShortDescriptionViewController.swift */,
				23A31BF022AF815C00B70488 /* ShortDescriptionViewController.xib */,
				23A31BF322AF816E00B70488 /* LongDescriptionViewController.swift */,
				23A31BF422AF816E00B70488 /* LongDescriptionViewController.xib */,
				23A31BF722AF84B600B70488 /* ImageViewController.swift */,
				23A31BF822AF84B600B70488 /* ImageViewController.xib */,
				23A31BEA22AF7EE100B70488 /* MainViewController.swift */,
			);
			path = "main-view";
			sourceTree = "<group>";
		};
		23A31BFC22AF946200B70488 /* property-view */ = {
			isa = PBXGroup;
			children = (
				239B4B4E22ACA02A004DA5D1 /* SpacingViewController.swift */,
				239B4B4F22ACA02A004DA5D1 /* SpacingViewController.xib */,
				239B4B5222ACA0C4004DA5D1 /* AlignmentViewController.swift */,
				239B4B5322ACA0C4004DA5D1 /* AlignmentViewController.xib */,
				239B4B5622ACA13E004DA5D1 /* ColorViewController.swift */,
				239B4B5722ACA13E004DA5D1 /* ColorViewController.xib */,
				239B4B5A22ACA1EB004DA5D1 /* DescriptionFieldViewController.swift */,
				239B4B5B22ACA1EB004DA5D1 /* DescriptionFieldViewController.xib */,
				239B4B5E22ACA2AE004DA5D1 /* TextWithButtonViewController.swift */,
				239B4B5F22ACA2AE004DA5D1 /* TextWithButtonViewController.xib */,
				23B61DD222AC7A8F00098F3C /* DummyViewController.swift */,
				23B61DD322AC7A8F00098F3C /* DummyViewController.xib */,
				230CD65622F8F88600976C5D /* FillStrokeViewController.swift */,
				230CD65722F8F88600976C5D /* FillStrokeViewController.xib */,
				239B4B6422ACAE87004DA5D1 /* MainPropertyPanesViewController.swift */,
			);
			path = "property-view";
			sourceTree = "<group>";
		};
		23A31BFD22AF94BD00B70488 /* window-view */ = {
			isa = PBXGroup;
			children = (
				239B4B6822ACBA03004DA5D1 /* WindowPropertyPanesViewController.swift */,
			);
			path = "window-view";
			sourceTree = "<group>";
		};
		23F1F36F2558A16300741E22 /* Frameworks */ = {
			isa = PBXGroup;
			children = (
			);
			name = Frameworks;
			sourceTree = "<group>";
		};
		23F1F3792558A1E300741E22 /* xcode-pane-example */ = {
			isa = PBXGroup;
			children = (
				23F1F38F2558A38E00741E22 /* panes */,
				23F1F37A2558A1E300741E22 /* AppDelegate.swift */,
				23F1F37C2558A1E300741E22 /* ViewController.swift */,
				23F1F37E2558A1E400741E22 /* Assets.xcassets */,
				23F1F3802558A1E400741E22 /* Main.storyboard */,
				23F1F3832558A1E400741E22 /* Info.plist */,
				23F1F3842558A1E400741E22 /* xcode_pane_example.entitlements */,
				23F1F3892558A26E00741E22 /* XcodePropertyPaneViewController.swift */,
			);
			path = "xcode-pane-example";
			sourceTree = "<group>";
		};
		23F1F38F2558A38E00741E22 /* panes */ = {
			isa = PBXGroup;
			children = (
				23F1F3902558A3A500741E22 /* PreviewViewController.swift */,
				23F1F3912558A3A500741E22 /* PreviewViewController.xib */,
				23F1F3962558A69B00741E22 /* ColorSchemePropertyPaneViewController.swift */,
				23F1F3972558A69B00741E22 /* ColorSchemePropertyPaneViewController.xib */,
				23F1F39B2558A7F100741E22 /* DynamicTypePropertyPaneViewController.swift */,
				23F1F39C2558A7F100741E22 /* DynamicTypePropertyPaneViewController.xib */,
				2393EE0C255B564A00AEB226 /* FramePropertyPaneViewController.swift */,
				2393EE0D255B564A00AEB226 /* FramePropertyPaneViewController.xib */,
			);
			path = panes;
			sourceTree = "<group>";
		};
/* End PBXGroup section */

/* Begin PBXNativeTarget section */
		23263F8A2278F63E00B4FEF0 /* DSFInspectorPanes_Demo */ = {
			isa = PBXNativeTarget;
			buildConfigurationList = 23263F962278F63F00B4FEF0 /* Build configuration list for PBXNativeTarget "DSFInspectorPanes_Demo" */;
			buildPhases = (
				23263F872278F63E00B4FEF0 /* Sources */,
				23263F882278F63E00B4FEF0 /* Frameworks */,
				23263F892278F63E00B4FEF0 /* Resources */,
				236A157E22AFD1E2007FCB8F /* CopyFiles */,
			);
			buildRules = (
			);
			dependencies = (
				23F1F3732558A16F00741E22 /* PBXTargetDependency */,
			);
			name = DSFInspectorPanes_Demo;
			packageProductDependencies = (
				23F1F3702558A16300741E22 /* DSFInspectorPanes */,
			);
			productName = DSFInspectorPanes_Demo;
			productReference = 23263F8B2278F63E00B4FEF0 /* DSFInspectorPanes_Demo.app */;
			productType = "com.apple.product-type.application";
		};
		23F1F3772558A1E300741E22 /* xcode-pane-example */ = {
			isa = PBXNativeTarget;
			buildConfigurationList = 23F1F3852558A1E400741E22 /* Build configuration list for PBXNativeTarget "xcode-pane-example" */;
			buildPhases = (
				23F1F3742558A1E300741E22 /* Sources */,
				23F1F3752558A1E300741E22 /* Frameworks */,
				23F1F3762558A1E300741E22 /* Resources */,
			);
			buildRules = (
			);
			dependencies = (
			);
			name = "xcode-pane-example";
			packageProductDependencies = (
				23F1F38C2558A33700741E22 /* DSFInspectorPanes */,
				2393EE09255B558B00AEB226 /* DSFStepperView */,
				23896C78255B701500242C19 /* DSFToggleButton */,
			);
			productName = "xcode-pane-example";
			productReference = 23F1F3782558A1E300741E22 /* xcode-pane-example.app */;
			productType = "com.apple.product-type.application";
		};
/* End PBXNativeTarget section */

/* Begin PBXProject section */
		23263F712278F60400B4FEF0 /* Project object */ = {
			isa = PBXProject;
			attributes = {
				LastSwiftUpdateCheck = 1210;
				LastUpgradeCheck = 1020;
				ORGANIZATIONNAME = "Darren Ford";
				TargetAttributes = {
					23263F8A2278F63E00B4FEF0 = {
						CreatedOnToolsVersion = 10.2.1;
					};
					23F1F3772558A1E300741E22 = {
						CreatedOnToolsVersion = 12.1;
					};
				};
			};
			buildConfigurationList = 23263F742278F60400B4FEF0 /* Build configuration list for PBXProject "DSFInspectorPanes" */;
			compatibilityVersion = "Xcode 9.3";
			developmentRegion = en;
			hasScannedForEncodings = 0;
			knownRegions = (
				en,
				Base,
			);
			mainGroup = 23263F702278F60400B4FEF0;
			packageReferences = (
				2393EE08255B558B00AEB226 /* XCRemoteSwiftPackageReference "DSFStepperView" */,
				23896C77255B701500242C19 /* XCRemoteSwiftPackageReference "DSFToggleButton" */,
			);
			productRefGroup = 23263F7B2278F60400B4FEF0 /* Products */;
			projectDirPath = "";
			projectRoot = "";
			targets = (
				23263F8A2278F63E00B4FEF0 /* DSFInspectorPanes_Demo */,
				23F1F3772558A1E300741E22 /* xcode-pane-example */,
			);
		};
/* End PBXProject section */

/* Begin PBXResourcesBuildPhase section */
		23263F892278F63E00B4FEF0 /* Resources */ = {
			isa = PBXResourcesBuildPhase;
			buildActionMask = 2147483647;
			files = (
				23263F902278F63F00B4FEF0 /* Assets.xcassets in Resources */,
				239B4B5D22ACA1EB004DA5D1 /* DescriptionFieldViewController.xib in Resources */,
				23A31BF622AF816E00B70488 /* LongDescriptionViewController.xib in Resources */,
				230CD65922F8F88600976C5D /* FillStrokeViewController.xib in Resources */,
				239B4B6122ACA2AE004DA5D1 /* TextWithButtonViewController.xib in Resources */,
				23B61DD522AC7A8F00098F3C /* DummyViewController.xib in Resources */,
				239B4B5922ACA13E004DA5D1 /* ColorViewController.xib in Resources */,
				239B4B5522ACA0C4004DA5D1 /* AlignmentViewController.xib in Resources */,
				239B4B5122ACA02A004DA5D1 /* SpacingViewController.xib in Resources */,
				23A31BF222AF815C00B70488 /* ShortDescriptionViewController.xib in Resources */,
				23A31BFA22AF84B600B70488 /* ImageViewController.xib in Resources */,
				23263F932278F63F00B4FEF0 /* MainMenu.xib in Resources */,
			);
			runOnlyForDeploymentPostprocessing = 0;
		};
		23F1F3762558A1E300741E22 /* Resources */ = {
			isa = PBXResourcesBuildPhase;
			buildActionMask = 2147483647;
			files = (
				23F1F3932558A3A500741E22 /* PreviewViewController.xib in Resources */,
				2393EE0F255B564A00AEB226 /* FramePropertyPaneViewController.xib in Resources */,
				23F1F37F2558A1E400741E22 /* Assets.xcassets in Resources */,
				23F1F3992558A69B00741E22 /* ColorSchemePropertyPaneViewController.xib in Resources */,
				23F1F39E2558A7F100741E22 /* DynamicTypePropertyPaneViewController.xib in Resources */,
				23F1F3822558A1E400741E22 /* Main.storyboard in Resources */,
			);
			runOnlyForDeploymentPostprocessing = 0;
		};
/* End PBXResourcesBuildPhase section */

/* Begin PBXSourcesBuildPhase section */
		23263F872278F63E00B4FEF0 /* Sources */ = {
			isa = PBXSourcesBuildPhase;
			buildActionMask = 2147483647;
			files = (
				239B4B6622ACAE87004DA5D1 /* MainPropertyPanesViewController.swift in Sources */,
				239B4B5022ACA02A004DA5D1 /* SpacingViewController.swift in Sources */,
				239B4B6A22ACBA03004DA5D1 /* WindowPropertyPanesViewController.swift in Sources */,
				230CD65822F8F88600976C5D /* FillStrokeViewController.swift in Sources */,
				23263F8E2278F63E00B4FEF0 /* AppDelegate.swift in Sources */,
				239B4B6022ACA2AE004DA5D1 /* TextWithButtonViewController.swift in Sources */,
				239B4B5422ACA0C4004DA5D1 /* AlignmentViewController.swift in Sources */,
				23A31BF922AF84B600B70488 /* ImageViewController.swift in Sources */,
				23A31BF122AF815C00B70488 /* ShortDescriptionViewController.swift in Sources */,
				239B4B5822ACA13E004DA5D1 /* ColorViewController.swift in Sources */,
				239B4B5C22ACA1EB004DA5D1 /* DescriptionFieldViewController.swift in Sources */,
				23A31BF522AF816E00B70488 /* LongDescriptionViewController.swift in Sources */,
				23B61DD422AC7A8F00098F3C /* DummyViewController.swift in Sources */,
				23A31BEC22AF7EE100B70488 /* MainViewController.swift in Sources */,
			);
			runOnlyForDeploymentPostprocessing = 0;
		};
		23F1F3742558A1E300741E22 /* Sources */ = {
			isa = PBXSourcesBuildPhase;
			buildActionMask = 2147483647;
			files = (
				23F1F38A2558A26E00741E22 /* XcodePropertyPaneViewController.swift in Sources */,
				2393EE0E255B564A00AEB226 /* FramePropertyPaneViewController.swift in Sources */,
				23F1F37D2558A1E300741E22 /* ViewController.swift in Sources */,
				23F1F37B2558A1E300741E22 /* AppDelegate.swift in Sources */,
				23F1F3982558A69B00741E22 /* ColorSchemePropertyPaneViewController.swift in Sources */,
				23F1F3922558A3A500741E22 /* PreviewViewController.swift in Sources */,
				23F1F39D2558A7F100741E22 /* DynamicTypePropertyPaneViewController.swift in Sources */,
			);
			runOnlyForDeploymentPostprocessing = 0;
		};
/* End PBXSourcesBuildPhase section */

/* Begin PBXTargetDependency section */
		23F1F3732558A16F00741E22 /* PBXTargetDependency */ = {
			isa = PBXTargetDependency;
			productRef = 23F1F3722558A16F00741E22 /* DSFInspectorPanes */;
		};
/* End PBXTargetDependency section */

/* Begin PBXVariantGroup section */
		23263F912278F63F00B4FEF0 /* MainMenu.xib */ = {
			isa = PBXVariantGroup;
			children = (
				23263F922278F63F00B4FEF0 /* Base */,
			);
			name = MainMenu.xib;
			sourceTree = "<group>";
		};
		23F1F3802558A1E400741E22 /* Main.storyboard */ = {
			isa = PBXVariantGroup;
			children = (
				23F1F3812558A1E400741E22 /* Base */,
			);
			name = Main.storyboard;
			sourceTree = "<group>";
		};
/* End PBXVariantGroup section */

/* Begin XCBuildConfiguration section */
		23263F802278F60400B4FEF0 /* Debug */ = {
			isa = XCBuildConfiguration;
			buildSettings = {
				ALWAYS_SEARCH_USER_PATHS = NO;
				CLANG_ANALYZER_NONNULL = YES;
				CLANG_ANALYZER_NUMBER_OBJECT_CONVERSION = YES_AGGRESSIVE;
				CLANG_CXX_LANGUAGE_STANDARD = "gnu++14";
				CLANG_CXX_LIBRARY = "libc++";
				CLANG_ENABLE_MODULES = YES;
				CLANG_ENABLE_OBJC_ARC = YES;
				CLANG_ENABLE_OBJC_WEAK = YES;
				CLANG_WARN_BLOCK_CAPTURE_AUTORELEASING = YES;
				CLANG_WARN_BOOL_CONVERSION = YES;
				CLANG_WARN_COMMA = YES;
				CLANG_WARN_CONSTANT_CONVERSION = YES;
				CLANG_WARN_DEPRECATED_OBJC_IMPLEMENTATIONS = YES;
				CLANG_WARN_DIRECT_OBJC_ISA_USAGE = YES_ERROR;
				CLANG_WARN_DOCUMENTATION_COMMENTS = YES;
				CLANG_WARN_EMPTY_BODY = YES;
				CLANG_WARN_ENUM_CONVERSION = YES;
				CLANG_WARN_INFINITE_RECURSION = YES;
				CLANG_WARN_INT_CONVERSION = YES;
				CLANG_WARN_NON_LITERAL_NULL_CONVERSION = YES;
				CLANG_WARN_OBJC_IMPLICIT_RETAIN_SELF = YES;
				CLANG_WARN_OBJC_LITERAL_CONVERSION = YES;
				CLANG_WARN_OBJC_ROOT_CLASS = YES_ERROR;
				CLANG_WARN_RANGE_LOOP_ANALYSIS = YES;
				CLANG_WARN_STRICT_PROTOTYPES = YES;
				CLANG_WARN_SUSPICIOUS_MOVE = YES;
				CLANG_WARN_UNGUARDED_AVAILABILITY = YES_AGGRESSIVE;
				CLANG_WARN_UNREACHABLE_CODE = YES;
				CLANG_WARN__DUPLICATE_METHOD_MATCH = YES;
				CODE_SIGN_IDENTITY = "Mac Developer";
				COPY_PHASE_STRIP = NO;
				CURRENT_PROJECT_VERSION = 1;
				DEBUG_INFORMATION_FORMAT = dwarf;
				ENABLE_STRICT_OBJC_MSGSEND = YES;
				ENABLE_TESTABILITY = YES;
				GCC_C_LANGUAGE_STANDARD = gnu11;
				GCC_DYNAMIC_NO_PIC = NO;
				GCC_NO_COMMON_BLOCKS = YES;
				GCC_OPTIMIZATION_LEVEL = 0;
				GCC_PREPROCESSOR_DEFINITIONS = (
					"DEBUG=1",
					"$(inherited)",
				);
				GCC_WARN_64_TO_32_BIT_CONVERSION = YES;
				GCC_WARN_ABOUT_RETURN_TYPE = YES_ERROR;
				GCC_WARN_UNDECLARED_SELECTOR = YES;
				GCC_WARN_UNINITIALIZED_AUTOS = YES_AGGRESSIVE;
				GCC_WARN_UNUSED_FUNCTION = YES;
				GCC_WARN_UNUSED_VARIABLE = YES;
				MACOSX_DEPLOYMENT_TARGET = 10.14;
				MTL_ENABLE_DEBUG_INFO = INCLUDE_SOURCE;
				MTL_FAST_MATH = YES;
				ONLY_ACTIVE_ARCH = YES;
				SDKROOT = macosx;
				SWIFT_ACTIVE_COMPILATION_CONDITIONS = DEBUG;
				SWIFT_OPTIMIZATION_LEVEL = "-Onone";
				VERSIONING_SYSTEM = "apple-generic";
				VERSION_INFO_PREFIX = "";
			};
			name = Debug;
		};
		23263F812278F60400B4FEF0 /* Release */ = {
			isa = XCBuildConfiguration;
			buildSettings = {
				ALWAYS_SEARCH_USER_PATHS = NO;
				CLANG_ANALYZER_NONNULL = YES;
				CLANG_ANALYZER_NUMBER_OBJECT_CONVERSION = YES_AGGRESSIVE;
				CLANG_CXX_LANGUAGE_STANDARD = "gnu++14";
				CLANG_CXX_LIBRARY = "libc++";
				CLANG_ENABLE_MODULES = YES;
				CLANG_ENABLE_OBJC_ARC = YES;
				CLANG_ENABLE_OBJC_WEAK = YES;
				CLANG_WARN_BLOCK_CAPTURE_AUTORELEASING = YES;
				CLANG_WARN_BOOL_CONVERSION = YES;
				CLANG_WARN_COMMA = YES;
				CLANG_WARN_CONSTANT_CONVERSION = YES;
				CLANG_WARN_DEPRECATED_OBJC_IMPLEMENTATIONS = YES;
				CLANG_WARN_DIRECT_OBJC_ISA_USAGE = YES_ERROR;
				CLANG_WARN_DOCUMENTATION_COMMENTS = YES;
				CLANG_WARN_EMPTY_BODY = YES;
				CLANG_WARN_ENUM_CONVERSION = YES;
				CLANG_WARN_INFINITE_RECURSION = YES;
				CLANG_WARN_INT_CONVERSION = YES;
				CLANG_WARN_NON_LITERAL_NULL_CONVERSION = YES;
				CLANG_WARN_OBJC_IMPLICIT_RETAIN_SELF = YES;
				CLANG_WARN_OBJC_LITERAL_CONVERSION = YES;
				CLANG_WARN_OBJC_ROOT_CLASS = YES_ERROR;
				CLANG_WARN_RANGE_LOOP_ANALYSIS = YES;
				CLANG_WARN_STRICT_PROTOTYPES = YES;
				CLANG_WARN_SUSPICIOUS_MOVE = YES;
				CLANG_WARN_UNGUARDED_AVAILABILITY = YES_AGGRESSIVE;
				CLANG_WARN_UNREACHABLE_CODE = YES;
				CLANG_WARN__DUPLICATE_METHOD_MATCH = YES;
				CODE_SIGN_IDENTITY = "Mac Developer";
				COPY_PHASE_STRIP = NO;
				CURRENT_PROJECT_VERSION = 1;
				DEBUG_INFORMATION_FORMAT = "dwarf-with-dsym";
				ENABLE_NS_ASSERTIONS = NO;
				ENABLE_STRICT_OBJC_MSGSEND = YES;
				GCC_C_LANGUAGE_STANDARD = gnu11;
				GCC_NO_COMMON_BLOCKS = YES;
				GCC_WARN_64_TO_32_BIT_CONVERSION = YES;
				GCC_WARN_ABOUT_RETURN_TYPE = YES_ERROR;
				GCC_WARN_UNDECLARED_SELECTOR = YES;
				GCC_WARN_UNINITIALIZED_AUTOS = YES_AGGRESSIVE;
				GCC_WARN_UNUSED_FUNCTION = YES;
				GCC_WARN_UNUSED_VARIABLE = YES;
				MACOSX_DEPLOYMENT_TARGET = 10.14;
				MTL_ENABLE_DEBUG_INFO = NO;
				MTL_FAST_MATH = YES;
				SDKROOT = macosx;
				SWIFT_COMPILATION_MODE = wholemodule;
				SWIFT_OPTIMIZATION_LEVEL = "-O";
				VERSIONING_SYSTEM = "apple-generic";
				VERSION_INFO_PREFIX = "";
			};
			name = Release;
		};
		23263F972278F63F00B4FEF0 /* Debug */ = {
			isa = XCBuildConfiguration;
			buildSettings = {
				ASSETCATALOG_COMPILER_APPICON_NAME = AppIcon;
				CODE_SIGN_ENTITLEMENTS = DSFInspectorPanes_Demo/DSFInspectorPanes_Demo.entitlements;
				CODE_SIGN_IDENTITY = "-";
				CODE_SIGN_STYLE = Automatic;
				COMBINE_HIDPI_IMAGES = YES;
				DEVELOPMENT_TEAM = 3L6RK3LGGW;
				INFOPLIST_FILE = DSFInspectorPanes_Demo/Info.plist;
				LD_RUNPATH_SEARCH_PATHS = (
					"$(inherited)",
					"@executable_path/../Frameworks",
				);
				MACOSX_DEPLOYMENT_TARGET = 10.12.2;
				PRODUCT_BUNDLE_IDENTIFIER = "com.darrenford.DSFInspectorPanes-Demo";
				PRODUCT_NAME = "$(TARGET_NAME)";
				SWIFT_VERSION = 5.0;
			};
			name = Debug;
		};
		23263F982278F63F00B4FEF0 /* Release */ = {
			isa = XCBuildConfiguration;
			buildSettings = {
				ASSETCATALOG_COMPILER_APPICON_NAME = AppIcon;
				CODE_SIGN_ENTITLEMENTS = DSFInspectorPanes_Demo/DSFInspectorPanes_Demo.entitlements;
				CODE_SIGN_IDENTITY = "-";
				CODE_SIGN_STYLE = Automatic;
				COMBINE_HIDPI_IMAGES = YES;
				DEVELOPMENT_TEAM = 3L6RK3LGGW;
				INFOPLIST_FILE = DSFInspectorPanes_Demo/Info.plist;
				LD_RUNPATH_SEARCH_PATHS = (
					"$(inherited)",
					"@executable_path/../Frameworks",
				);
				MACOSX_DEPLOYMENT_TARGET = 10.12.2;
				PRODUCT_BUNDLE_IDENTIFIER = "com.darrenford.DSFInspectorPanes-Demo";
				PRODUCT_NAME = "$(TARGET_NAME)";
				SWIFT_VERSION = 5.0;
			};
			name = Release;
		};
		23F1F3862558A1E400741E22 /* Debug */ = {
			isa = XCBuildConfiguration;
			buildSettings = {
				ASSETCATALOG_COMPILER_APPICON_NAME = AppIcon;
				ASSETCATALOG_COMPILER_GLOBAL_ACCENT_COLOR_NAME = AccentColor;
				CLANG_WARN_QUOTED_INCLUDE_IN_FRAMEWORK_HEADER = YES;
				CODE_SIGN_ENTITLEMENTS = "xcode-pane-example/xcode_pane_example.entitlements";
				CODE_SIGN_STYLE = Automatic;
				COMBINE_HIDPI_IMAGES = YES;
				DEVELOPMENT_TEAM = 3L6RK3LGGW;
				ENABLE_HARDENED_RUNTIME = YES;
				INFOPLIST_FILE = "xcode-pane-example/Info.plist";
				LD_RUNPATH_SEARCH_PATHS = (
					"$(inherited)",
					"@executable_path/../Frameworks",
				);
				MACOSX_DEPLOYMENT_TARGET = 10.12.2;
				PRODUCT_BUNDLE_IDENTIFIER = "com.darrenford.xcode-pane-example";
				PRODUCT_NAME = "$(TARGET_NAME)";
				SWIFT_VERSION = 5.0;
			};
			name = Debug;
		};
		23F1F3872558A1E400741E22 /* Release */ = {
			isa = XCBuildConfiguration;
			buildSettings = {
				ASSETCATALOG_COMPILER_APPICON_NAME = AppIcon;
				ASSETCATALOG_COMPILER_GLOBAL_ACCENT_COLOR_NAME = AccentColor;
				CLANG_WARN_QUOTED_INCLUDE_IN_FRAMEWORK_HEADER = YES;
				CODE_SIGN_ENTITLEMENTS = "xcode-pane-example/xcode_pane_example.entitlements";
				CODE_SIGN_STYLE = Automatic;
				COMBINE_HIDPI_IMAGES = YES;
				DEVELOPMENT_TEAM = 3L6RK3LGGW;
				ENABLE_HARDENED_RUNTIME = YES;
				INFOPLIST_FILE = "xcode-pane-example/Info.plist";
				LD_RUNPATH_SEARCH_PATHS = (
					"$(inherited)",
					"@executable_path/../Frameworks",
				);
				MACOSX_DEPLOYMENT_TARGET = 10.12.2;
				PRODUCT_BUNDLE_IDENTIFIER = "com.darrenford.xcode-pane-example";
				PRODUCT_NAME = "$(TARGET_NAME)";
				SWIFT_VERSION = 5.0;
			};
			name = Release;
		};
/* End XCBuildConfiguration section */

/* Begin XCConfigurationList section */
		23263F742278F60400B4FEF0 /* Build configuration list for PBXProject "DSFInspectorPanes" */ = {
			isa = XCConfigurationList;
			buildConfigurations = (
				23263F802278F60400B4FEF0 /* Debug */,
				23263F812278F60400B4FEF0 /* Release */,
			);
			defaultConfigurationIsVisible = 0;
			defaultConfigurationName = Release;
		};
		23263F962278F63F00B4FEF0 /* Build configuration list for PBXNativeTarget "DSFInspectorPanes_Demo" */ = {
			isa = XCConfigurationList;
			buildConfigurations = (
				23263F972278F63F00B4FEF0 /* Debug */,
				23263F982278F63F00B4FEF0 /* Release */,
			);
			defaultConfigurationIsVisible = 0;
			defaultConfigurationName = Release;
		};
		23F1F3852558A1E400741E22 /* Build configuration list for PBXNativeTarget "xcode-pane-example" */ = {
			isa = XCConfigurationList;
			buildConfigurations = (
				23F1F3862558A1E400741E22 /* Debug */,
				23F1F3872558A1E400741E22 /* Release */,
			);
			defaultConfigurationIsVisible = 0;
			defaultConfigurationName = Release;
		};
/* End XCConfigurationList section */

/* Begin XCRemoteSwiftPackageReference section */
		23896C77255B701500242C19 /* XCRemoteSwiftPackageReference "DSFToggleButton" */ = {
			isa = XCRemoteSwiftPackageReference;
			repositoryURL = "https://github.com/dagronf/DSFToggleButton.git";
			requirement = {
				kind = upToNextMajorVersion;
				minimumVersion = 3.1.0;
			};
		};
		2393EE08255B558B00AEB226 /* XCRemoteSwiftPackageReference "DSFStepperView" */ = {
			isa = XCRemoteSwiftPackageReference;
			repositoryURL = "https://github.com/dagronf/DSFStepperView.git";
			requirement = {
				kind = upToNextMajorVersion;
				minimumVersion = 1.0.0;
			};
		};
/* End XCRemoteSwiftPackageReference section */

/* Begin XCSwiftPackageProductDependency section */
		23896C78255B701500242C19 /* DSFToggleButton */ = {
			isa = XCSwiftPackageProductDependency;
			package = 23896C77255B701500242C19 /* XCRemoteSwiftPackageReference "DSFToggleButton" */;
			productName = DSFToggleButton;
		};
		2393EE09255B558B00AEB226 /* DSFStepperView */ = {
			isa = XCSwiftPackageProductDependency;
			package = 2393EE08255B558B00AEB226 /* XCRemoteSwiftPackageReference "DSFStepperView" */;
			productName = DSFStepperView;
		};
		23F1F3702558A16300741E22 /* DSFInspectorPanes */ = {
			isa = XCSwiftPackageProductDependency;
			productName = DSFInspectorPanes;
		};
		23F1F3722558A16F00741E22 /* DSFInspectorPanes */ = {
			isa = XCSwiftPackageProductDependency;
			productName = DSFInspectorPanes;
		};
		23F1F38C2558A33700741E22 /* DSFInspectorPanes */ = {
			isa = XCSwiftPackageProductDependency;
			productName = DSFInspectorPanes;
		};
/* End XCSwiftPackageProductDependency section */
	};
	rootObject = 23263F712278F60400B4FEF0 /* Project object */;
}
