// !$*UTF8*$!
{
	archiveVersion = 1;
	classes = {
	};
	objectVersion = 50;
	objects = {

/* Begin PBXBuildFile section */
		23263F7F2278F60400B4FEF0 /* DSFInspectorPanes.h in Headers */ = {isa = PBXBuildFile; fileRef = 23263F7D2278F60400B4FEF0 /* DSFInspectorPanes.h */; settings = {ATTRIBUTES = (Public, ); }; };
		23263F862278F61400B4FEF0 /* DSFInspectorPanesView.swift in Sources */ = {isa = PBXBuildFile; fileRef = 23263F852278F61400B4FEF0 /* DSFInspectorPanesView.swift */; };
		23263F8E2278F63E00B4FEF0 /* AppDelegate.swift in Sources */ = {isa = PBXBuildFile; fileRef = 23263F8D2278F63E00B4FEF0 /* AppDelegate.swift */; };
		23263F902278F63F00B4FEF0 /* Assets.xcassets in Resources */ = {isa = PBXBuildFile; fileRef = 23263F8F2278F63F00B4FEF0 /* Assets.xcassets */; };
		23263F932278F63F00B4FEF0 /* MainMenu.xib in Resources */ = {isa = PBXBuildFile; fileRef = 23263F912278F63F00B4FEF0 /* MainMenu.xib */; };
		23263F9A2278F65400B4FEF0 /* DSFInspectorPanes.framework in Frameworks */ = {isa = PBXBuildFile; fileRef = 23263F7A2278F60400B4FEF0 /* DSFInspectorPanes.framework */; };
		236A157F22AFD1EF007FCB8F /* DSFInspectorPanes.framework in CopyFiles */ = {isa = PBXBuildFile; fileRef = 23263F7A2278F60400B4FEF0 /* DSFInspectorPanes.framework */; settings = {ATTRIBUTES = (CodeSignOnCopy, RemoveHeadersOnCopy, ); }; };
		236BB48C22E679D200891B9E /* DSFInspectorPanesView+touchbar.swift in Sources */ = {isa = PBXBuildFile; fileRef = 236BB48B22E679D200891B9E /* DSFInspectorPanesView+touchbar.swift */; };
		236BB48E22E67A3C00891B9E /* DSFInspectorPanesView+private.swift in Sources */ = {isa = PBXBuildFile; fileRef = 236BB48D22E67A3C00891B9E /* DSFInspectorPanesView+private.swift */; };
		239B4B5022ACA02A004DA5D1 /* SpacingViewController.swift in Sources */ = {isa = PBXBuildFile; fileRef = 239B4B4E22ACA02A004DA5D1 /* SpacingViewController.swift */; };
		239B4B5122ACA02A004DA5D1 /* SpacingViewController.xib in Resources */ = {isa = PBXBuildFile; fileRef = 239B4B4F22ACA02A004DA5D1 /* SpacingViewController.xib */; };
		239B4B5422ACA0C4004DA5D1 /* AlignmentViewController.swift in Sources */ = {isa = PBXBuildFile; fileRef = 239B4B5222ACA0C4004DA5D1 /* AlignmentViewController.swift */; };
		239B4B5522ACA0C4004DA5D1 /* AlignmentViewController.xib in Resources */ = {isa = PBXBuildFile; fileRef = 239B4B5322ACA0C4004DA5D1 /* AlignmentViewController.xib */; };
		239B4B5822ACA13E004DA5D1 /* ColorViewController.swift in Sources */ = {isa = PBXBuildFile; fileRef = 239B4B5622ACA13E004DA5D1 /* ColorViewController.swift */; };
		239B4B5922ACA13E004DA5D1 /* ColorViewController.xib in Resources */ = {isa = PBXBuildFile; fileRef = 239B4B5722ACA13E004DA5D1 /* ColorViewController.xib */; };
		239B4B5C22ACA1EB004DA5D1 /* DescriptionFieldViewController.swift in Sources */ = {isa = PBXBuildFile; fileRef = 239B4B5A22ACA1EB004DA5D1 /* DescriptionFieldViewController.swift */; };
		239B4B5D22ACA1EB004DA5D1 /* DescriptionFieldViewController.xib in Resources */ = {isa = PBXBuildFile; fileRef = 239B4B5B22ACA1EB004DA5D1 /* DescriptionFieldViewController.xib */; };
		239B4B6022ACA2AE004DA5D1 /* TextWithButtonViewController.swift in Sources */ = {isa = PBXBuildFile; fileRef = 239B4B5E22ACA2AE004DA5D1 /* TextWithButtonViewController.swift */; };
		239B4B6122ACA2AE004DA5D1 /* TextWithButtonViewController.xib in Resources */ = {isa = PBXBuildFile; fileRef = 239B4B5F22ACA2AE004DA5D1 /* TextWithButtonViewController.xib */; };
		239B4B6622ACAE87004DA5D1 /* MainPropertyPanesViewController.swift in Sources */ = {isa = PBXBuildFile; fileRef = 239B4B6422ACAE87004DA5D1 /* MainPropertyPanesViewController.swift */; };
		239B4B6A22ACBA03004DA5D1 /* WindowPropertyPanesViewController.swift in Sources */ = {isa = PBXBuildFile; fileRef = 239B4B6822ACBA03004DA5D1 /* WindowPropertyPanesViewController.swift */; };
		23A31BEC22AF7EE100B70488 /* MainViewController.swift in Sources */ = {isa = PBXBuildFile; fileRef = 23A31BEA22AF7EE100B70488 /* MainViewController.swift */; };
		23A31BF122AF815C00B70488 /* ShortDescriptionViewController.swift in Sources */ = {isa = PBXBuildFile; fileRef = 23A31BEF22AF815C00B70488 /* ShortDescriptionViewController.swift */; };
		23A31BF222AF815C00B70488 /* ShortDescriptionViewController.xib in Resources */ = {isa = PBXBuildFile; fileRef = 23A31BF022AF815C00B70488 /* ShortDescriptionViewController.xib */; };
		23A31BF522AF816E00B70488 /* LongDescriptionViewController.swift in Sources */ = {isa = PBXBuildFile; fileRef = 23A31BF322AF816E00B70488 /* LongDescriptionViewController.swift */; };
		23A31BF622AF816E00B70488 /* LongDescriptionViewController.xib in Resources */ = {isa = PBXBuildFile; fileRef = 23A31BF422AF816E00B70488 /* LongDescriptionViewController.xib */; };
		23A31BF922AF84B600B70488 /* ImageViewController.swift in Sources */ = {isa = PBXBuildFile; fileRef = 23A31BF722AF84B600B70488 /* ImageViewController.swift */; };
		23A31BFA22AF84B600B70488 /* ImageViewController.xib in Resources */ = {isa = PBXBuildFile; fileRef = 23A31BF822AF84B600B70488 /* ImageViewController.xib */; };
		23A7F89622B069C000D77045 /* DSFInspectorPanesTests.swift in Sources */ = {isa = PBXBuildFile; fileRef = 23A7F89522B069C000D77045 /* DSFInspectorPanesTests.swift */; };
		23A7F89822B069C000D77045 /* DSFInspectorPanes.framework in Frameworks */ = {isa = PBXBuildFile; fileRef = 23263F7A2278F60400B4FEF0 /* DSFInspectorPanes.framework */; };
		23B61DCD22AC73AD00098F3C /* DSFInspectorPane.swift in Sources */ = {isa = PBXBuildFile; fileRef = 23B61DCC22AC73AD00098F3C /* DSFInspectorPane.swift */; };
		23B61DCF22AC73E300098F3C /* DSFInspectorPanes+utilities.swift in Sources */ = {isa = PBXBuildFile; fileRef = 23B61DCE22AC73E300098F3C /* DSFInspectorPanes+utilities.swift */; };
		23B61DD122AC759F00098F3C /* DSFInspectorPanesView+pane.swift in Sources */ = {isa = PBXBuildFile; fileRef = 23B61DD022AC759F00098F3C /* DSFInspectorPanesView+pane.swift */; };
		23B61DD422AC7A8F00098F3C /* DummyViewController.swift in Sources */ = {isa = PBXBuildFile; fileRef = 23B61DD222AC7A8F00098F3C /* DummyViewController.swift */; };
		23B61DD522AC7A8F00098F3C /* DummyViewController.xib in Resources */ = {isa = PBXBuildFile; fileRef = 23B61DD322AC7A8F00098F3C /* DummyViewController.xib */; };
		23D79A2622E3EF5400DA722C /* RSVerticallyCenteredTextFieldCell.swift in Sources */ = {isa = PBXBuildFile; fileRef = 23D79A2522E3EF5400DA722C /* RSVerticallyCenteredTextFieldCell.swift */; };
		23D79A2822E3EF8C00DA722C /* DraggingStackView.swift in Sources */ = {isa = PBXBuildFile; fileRef = 23D79A2722E3EF8C00DA722C /* DraggingStackView.swift */; };
		23F5B7AE22E6839000556710 /* DSFInspectorPanesView+layout.swift in Sources */ = {isa = PBXBuildFile; fileRef = 23F5B7AD22E6839000556710 /* DSFInspectorPanesView+layout.swift */; };
/* End PBXBuildFile section */

/* Begin PBXContainerItemProxy section */
		23A7F89922B069C000D77045 /* PBXContainerItemProxy */ = {
			isa = PBXContainerItemProxy;
			containerPortal = 23263F712278F60400B4FEF0 /* Project object */;
			proxyType = 1;
			remoteGlobalIDString = 23263F792278F60400B4FEF0;
			remoteInfo = DSFInspectorPanes;
		};
/* End PBXContainerItemProxy section */

/* Begin PBXCopyFilesBuildPhase section */
		236A157E22AFD1E2007FCB8F /* CopyFiles */ = {
			isa = PBXCopyFilesBuildPhase;
			buildActionMask = 2147483647;
			dstPath = "";
			dstSubfolderSpec = 10;
			files = (
				236A157F22AFD1EF007FCB8F /* DSFInspectorPanes.framework in CopyFiles */,
			);
			runOnlyForDeploymentPostprocessing = 0;
		};
/* End PBXCopyFilesBuildPhase section */

/* Begin PBXFileReference section */
		23263F7A2278F60400B4FEF0 /* DSFInspectorPanes.framework */ = {isa = PBXFileReference; explicitFileType = wrapper.framework; includeInIndex = 0; path = DSFInspectorPanes.framework; sourceTree = BUILT_PRODUCTS_DIR; };
		23263F7D2278F60400B4FEF0 /* DSFInspectorPanes.h */ = {isa = PBXFileReference; lastKnownFileType = sourcecode.c.h; path = DSFInspectorPanes.h; sourceTree = "<group>"; };
		23263F7E2278F60400B4FEF0 /* Info.plist */ = {isa = PBXFileReference; lastKnownFileType = text.plist.xml; path = Info.plist; sourceTree = "<group>"; };
		23263F852278F61400B4FEF0 /* DSFInspectorPanesView.swift */ = {isa = PBXFileReference; fileEncoding = 4; lastKnownFileType = sourcecode.swift; path = DSFInspectorPanesView.swift; sourceTree = "<group>"; };
		23263F8B2278F63E00B4FEF0 /* DSFInspectorPanes_Demo.app */ = {isa = PBXFileReference; explicitFileType = wrapper.application; includeInIndex = 0; path = DSFInspectorPanes_Demo.app; sourceTree = BUILT_PRODUCTS_DIR; };
		23263F8D2278F63E00B4FEF0 /* AppDelegate.swift */ = {isa = PBXFileReference; lastKnownFileType = sourcecode.swift; path = AppDelegate.swift; sourceTree = "<group>"; };
		23263F8F2278F63F00B4FEF0 /* Assets.xcassets */ = {isa = PBXFileReference; lastKnownFileType = folder.assetcatalog; path = Assets.xcassets; sourceTree = "<group>"; };
		23263F922278F63F00B4FEF0 /* Base */ = {isa = PBXFileReference; lastKnownFileType = file.xib; name = Base; path = Base.lproj/MainMenu.xib; sourceTree = "<group>"; };
		23263F942278F63F00B4FEF0 /* Info.plist */ = {isa = PBXFileReference; lastKnownFileType = text.plist.xml; path = Info.plist; sourceTree = "<group>"; };
		23263F952278F63F00B4FEF0 /* DSFInspectorPanes_Demo.entitlements */ = {isa = PBXFileReference; lastKnownFileType = text.plist.entitlements; path = DSFInspectorPanes_Demo.entitlements; sourceTree = "<group>"; };
		236BB48B22E679D200891B9E /* DSFInspectorPanesView+touchbar.swift */ = {isa = PBXFileReference; lastKnownFileType = sourcecode.swift; path = "DSFInspectorPanesView+touchbar.swift"; sourceTree = "<group>"; };
		236BB48D22E67A3C00891B9E /* DSFInspectorPanesView+private.swift */ = {isa = PBXFileReference; lastKnownFileType = sourcecode.swift; path = "DSFInspectorPanesView+private.swift"; sourceTree = "<group>"; };
		239B4B4E22ACA02A004DA5D1 /* SpacingViewController.swift */ = {isa = PBXFileReference; lastKnownFileType = sourcecode.swift; path = SpacingViewController.swift; sourceTree = "<group>"; };
		239B4B4F22ACA02A004DA5D1 /* SpacingViewController.xib */ = {isa = PBXFileReference; lastKnownFileType = file.xib; path = SpacingViewController.xib; sourceTree = "<group>"; };
		239B4B5222ACA0C4004DA5D1 /* AlignmentViewController.swift */ = {isa = PBXFileReference; lastKnownFileType = sourcecode.swift; path = AlignmentViewController.swift; sourceTree = "<group>"; };
		239B4B5322ACA0C4004DA5D1 /* AlignmentViewController.xib */ = {isa = PBXFileReference; lastKnownFileType = file.xib; path = AlignmentViewController.xib; sourceTree = "<group>"; };
		239B4B5622ACA13E004DA5D1 /* ColorViewController.swift */ = {isa = PBXFileReference; lastKnownFileType = sourcecode.swift; path = ColorViewController.swift; sourceTree = "<group>"; };
		239B4B5722ACA13E004DA5D1 /* ColorViewController.xib */ = {isa = PBXFileReference; lastKnownFileType = file.xib; path = ColorViewController.xib; sourceTree = "<group>"; };
		239B4B5A22ACA1EB004DA5D1 /* DescriptionFieldViewController.swift */ = {isa = PBXFileReference; lastKnownFileType = sourcecode.swift; path = DescriptionFieldViewController.swift; sourceTree = "<group>"; };
		239B4B5B22ACA1EB004DA5D1 /* DescriptionFieldViewController.xib */ = {isa = PBXFileReference; lastKnownFileType = file.xib; path = DescriptionFieldViewController.xib; sourceTree = "<group>"; };
		239B4B5E22ACA2AE004DA5D1 /* TextWithButtonViewController.swift */ = {isa = PBXFileReference; lastKnownFileType = sourcecode.swift; path = TextWithButtonViewController.swift; sourceTree = "<group>"; };
		239B4B5F22ACA2AE004DA5D1 /* TextWithButtonViewController.xib */ = {isa = PBXFileReference; lastKnownFileType = file.xib; path = TextWithButtonViewController.xib; sourceTree = "<group>"; };
		239B4B6422ACAE87004DA5D1 /* MainPropertyPanesViewController.swift */ = {isa = PBXFileReference; lastKnownFileType = sourcecode.swift; path = MainPropertyPanesViewController.swift; sourceTree = "<group>"; };
		239B4B6822ACBA03004DA5D1 /* WindowPropertyPanesViewController.swift */ = {isa = PBXFileReference; lastKnownFileType = sourcecode.swift; path = WindowPropertyPanesViewController.swift; sourceTree = "<group>"; };
		23A31BEA22AF7EE100B70488 /* MainViewController.swift */ = {isa = PBXFileReference; lastKnownFileType = sourcecode.swift; path = MainViewController.swift; sourceTree = "<group>"; };
		23A31BEF22AF815C00B70488 /* ShortDescriptionViewController.swift */ = {isa = PBXFileReference; lastKnownFileType = sourcecode.swift; path = ShortDescriptionViewController.swift; sourceTree = "<group>"; };
		23A31BF022AF815C00B70488 /* ShortDescriptionViewController.xib */ = {isa = PBXFileReference; lastKnownFileType = file.xib; path = ShortDescriptionViewController.xib; sourceTree = "<group>"; };
		23A31BF322AF816E00B70488 /* LongDescriptionViewController.swift */ = {isa = PBXFileReference; lastKnownFileType = sourcecode.swift; path = LongDescriptionViewController.swift; sourceTree = "<group>"; };
		23A31BF422AF816E00B70488 /* LongDescriptionViewController.xib */ = {isa = PBXFileReference; lastKnownFileType = file.xib; path = LongDescriptionViewController.xib; sourceTree = "<group>"; };
		23A31BF722AF84B600B70488 /* ImageViewController.swift */ = {isa = PBXFileReference; lastKnownFileType = sourcecode.swift; path = ImageViewController.swift; sourceTree = "<group>"; };
		23A31BF822AF84B600B70488 /* ImageViewController.xib */ = {isa = PBXFileReference; lastKnownFileType = file.xib; path = ImageViewController.xib; sourceTree = "<group>"; };
		23A7F89322B069C000D77045 /* DSFInspectorPanesTests.xctest */ = {isa = PBXFileReference; explicitFileType = wrapper.cfbundle; includeInIndex = 0; path = DSFInspectorPanesTests.xctest; sourceTree = BUILT_PRODUCTS_DIR; };
		23A7F89522B069C000D77045 /* DSFInspectorPanesTests.swift */ = {isa = PBXFileReference; lastKnownFileType = sourcecode.swift; path = DSFInspectorPanesTests.swift; sourceTree = "<group>"; };
		23A7F89722B069C000D77045 /* Info.plist */ = {isa = PBXFileReference; lastKnownFileType = text.plist.xml; path = Info.plist; sourceTree = "<group>"; };
		23ACF96B228A38F300FF6594 /* DSFInspectorPanes.podspec */ = {isa = PBXFileReference; lastKnownFileType = text; path = DSFInspectorPanes.podspec; sourceTree = "<group>"; };
		23ACF96C228A390400FF6594 /* LICENSE */ = {isa = PBXFileReference; lastKnownFileType = text; path = LICENSE; sourceTree = "<group>"; };
		23B61DCC22AC73AD00098F3C /* DSFInspectorPane.swift */ = {isa = PBXFileReference; lastKnownFileType = sourcecode.swift; path = DSFInspectorPane.swift; sourceTree = "<group>"; };
		23B61DCE22AC73E300098F3C /* DSFInspectorPanes+utilities.swift */ = {isa = PBXFileReference; lastKnownFileType = sourcecode.swift; path = "DSFInspectorPanes+utilities.swift"; sourceTree = "<group>"; };
		23B61DD022AC759F00098F3C /* DSFInspectorPanesView+pane.swift */ = {isa = PBXFileReference; lastKnownFileType = sourcecode.swift; path = "DSFInspectorPanesView+pane.swift"; sourceTree = "<group>"; };
		23B61DD222AC7A8F00098F3C /* DummyViewController.swift */ = {isa = PBXFileReference; lastKnownFileType = sourcecode.swift; path = DummyViewController.swift; sourceTree = "<group>"; };
		23B61DD322AC7A8F00098F3C /* DummyViewController.xib */ = {isa = PBXFileReference; lastKnownFileType = file.xib; path = DummyViewController.xib; sourceTree = "<group>"; };
		23D79A2522E3EF5400DA722C /* RSVerticallyCenteredTextFieldCell.swift */ = {isa = PBXFileReference; lastKnownFileType = sourcecode.swift; path = RSVerticallyCenteredTextFieldCell.swift; sourceTree = "<group>"; };
		23D79A2722E3EF8C00DA722C /* DraggingStackView.swift */ = {isa = PBXFileReference; lastKnownFileType = sourcecode.swift; path = DraggingStackView.swift; sourceTree = "<group>"; };
		23F5B7AD22E6839000556710 /* DSFInspectorPanesView+layout.swift */ = {isa = PBXFileReference; lastKnownFileType = sourcecode.swift; path = "DSFInspectorPanesView+layout.swift"; sourceTree = "<group>"; };
		23FB5E1422897DA700D1CD57 /* README.md */ = {isa = PBXFileReference; lastKnownFileType = net.daringfireball.markdown; path = README.md; sourceTree = "<group>"; };
/* End PBXFileReference section */

/* Begin PBXFrameworksBuildPhase section */
		23263F772278F60400B4FEF0 /* Frameworks */ = {
			isa = PBXFrameworksBuildPhase;
			buildActionMask = 2147483647;
			files = (
			);
			runOnlyForDeploymentPostprocessing = 0;
		};
		23263F882278F63E00B4FEF0 /* Frameworks */ = {
			isa = PBXFrameworksBuildPhase;
			buildActionMask = 2147483647;
			files = (
				23263F9A2278F65400B4FEF0 /* DSFInspectorPanes.framework in Frameworks */,
			);
			runOnlyForDeploymentPostprocessing = 0;
		};
		23A7F89022B069C000D77045 /* Frameworks */ = {
			isa = PBXFrameworksBuildPhase;
			buildActionMask = 2147483647;
			files = (
				23A7F89822B069C000D77045 /* DSFInspectorPanes.framework in Frameworks */,
			);
			runOnlyForDeploymentPostprocessing = 0;
		};
/* End PBXFrameworksBuildPhase section */

/* Begin PBXGroup section */
		23263F702278F60400B4FEF0 = {
			isa = PBXGroup;
			children = (
				23ACF96B228A38F300FF6594 /* DSFInspectorPanes.podspec */,
				23ACF96C228A390400FF6594 /* LICENSE */,
				23FB5E1422897DA700D1CD57 /* README.md */,
				23263F7C2278F60400B4FEF0 /* DSFInspectorPanes */,
				23263F8C2278F63E00B4FEF0 /* DSFInspectorPanes_Demo */,
				23A7F89422B069C000D77045 /* DSFInspectorPanesTests */,
				23263F7B2278F60400B4FEF0 /* Products */,
				23263F992278F65400B4FEF0 /* Frameworks */,
			);
			sourceTree = "<group>";
		};
		23263F7B2278F60400B4FEF0 /* Products */ = {
			isa = PBXGroup;
			children = (
				23263F7A2278F60400B4FEF0 /* DSFInspectorPanes.framework */,
				23263F8B2278F63E00B4FEF0 /* DSFInspectorPanes_Demo.app */,
				23A7F89322B069C000D77045 /* DSFInspectorPanesTests.xctest */,
			);
			name = Products;
			sourceTree = "<group>";
		};
		23263F7C2278F60400B4FEF0 /* DSFInspectorPanes */ = {
			isa = PBXGroup;
			children = (
				23B61DCC22AC73AD00098F3C /* DSFInspectorPane.swift */,
				23263F852278F61400B4FEF0 /* DSFInspectorPanesView.swift */,
				23263F7E2278F60400B4FEF0 /* Info.plist */,
				23263F7D2278F60400B4FEF0 /* DSFInspectorPanes.h */,
				237C15AF22B1A35400605097 /* private */,
			);
			name = DSFInspectorPanes;
			path = Sources/DSFInspectorPanes;
			sourceTree = "<group>";
		};
		23263F8C2278F63E00B4FEF0 /* DSFInspectorPanes_Demo */ = {
			isa = PBXGroup;
			children = (
				239B4B4D22ACA012004DA5D1 /* demo-controllers */,
				23263F8D2278F63E00B4FEF0 /* AppDelegate.swift */,
				23263F8F2278F63F00B4FEF0 /* Assets.xcassets */,
				23263F912278F63F00B4FEF0 /* MainMenu.xib */,
				23263F942278F63F00B4FEF0 /* Info.plist */,
				23263F952278F63F00B4FEF0 /* DSFInspectorPanes_Demo.entitlements */,
			);
			path = DSFInspectorPanes_Demo;
			sourceTree = "<group>";
		};
		23263F992278F65400B4FEF0 /* Frameworks */ = {
			isa = PBXGroup;
			children = (
			);
			name = Frameworks;
			sourceTree = "<group>";
		};
		237C15AF22B1A35400605097 /* private */ = {
			isa = PBXGroup;
			children = (
				23D79A2922E3F01900DA722C /* 3rd-party */,
				23F5B7AD22E6839000556710 /* DSFInspectorPanesView+layout.swift */,
				236BB48D22E67A3C00891B9E /* DSFInspectorPanesView+private.swift */,
				23B61DD022AC759F00098F3C /* DSFInspectorPanesView+pane.swift */,
				23B61DCE22AC73E300098F3C /* DSFInspectorPanes+utilities.swift */,
				236BB48B22E679D200891B9E /* DSFInspectorPanesView+touchbar.swift */,
			);
			path = private;
			sourceTree = "<group>";
		};
		239B4B4D22ACA012004DA5D1 /* demo-controllers */ = {
			isa = PBXGroup;
			children = (
				23A31BFD22AF94BD00B70488 /* window-view */,
				23A31BFC22AF946200B70488 /* property-view */,
				23A31BEE22AF814600B70488 /* main-view */,
			);
			path = "demo-controllers";
			sourceTree = "<group>";
		};
		23A31BEE22AF814600B70488 /* main-view */ = {
			isa = PBXGroup;
			children = (
				23A31BEF22AF815C00B70488 /* ShortDescriptionViewController.swift */,
				23A31BF022AF815C00B70488 /* ShortDescriptionViewController.xib */,
				23A31BF322AF816E00B70488 /* LongDescriptionViewController.swift */,
				23A31BF422AF816E00B70488 /* LongDescriptionViewController.xib */,
				23A31BF722AF84B600B70488 /* ImageViewController.swift */,
				23A31BF822AF84B600B70488 /* ImageViewController.xib */,
				23A31BEA22AF7EE100B70488 /* MainViewController.swift */,
			);
			path = "main-view";
			sourceTree = "<group>";
		};
		23A31BFC22AF946200B70488 /* property-view */ = {
			isa = PBXGroup;
			children = (
				239B4B4E22ACA02A004DA5D1 /* SpacingViewController.swift */,
				239B4B4F22ACA02A004DA5D1 /* SpacingViewController.xib */,
				239B4B5222ACA0C4004DA5D1 /* AlignmentViewController.swift */,
				239B4B5322ACA0C4004DA5D1 /* AlignmentViewController.xib */,
				239B4B5622ACA13E004DA5D1 /* ColorViewController.swift */,
				239B4B5722ACA13E004DA5D1 /* ColorViewController.xib */,
				239B4B5A22ACA1EB004DA5D1 /* DescriptionFieldViewController.swift */,
				239B4B5B22ACA1EB004DA5D1 /* DescriptionFieldViewController.xib */,
				239B4B5E22ACA2AE004DA5D1 /* TextWithButtonViewController.swift */,
				239B4B5F22ACA2AE004DA5D1 /* TextWithButtonViewController.xib */,
				23B61DD222AC7A8F00098F3C /* DummyViewController.swift */,
				23B61DD322AC7A8F00098F3C /* DummyViewController.xib */,
				239B4B6422ACAE87004DA5D1 /* MainPropertyPanesViewController.swift */,
			);
			path = "property-view";
			sourceTree = "<group>";
		};
		23A31BFD22AF94BD00B70488 /* window-view */ = {
			isa = PBXGroup;
			children = (
				239B4B6822ACBA03004DA5D1 /* WindowPropertyPanesViewController.swift */,
			);
			path = "window-view";
			sourceTree = "<group>";
		};
		23A7F89422B069C000D77045 /* DSFInspectorPanesTests */ = {
			isa = PBXGroup;
			children = (
				23A7F89522B069C000D77045 /* DSFInspectorPanesTests.swift */,
				23A7F89722B069C000D77045 /* Info.plist */,
			);
			path = DSFInspectorPanesTests;
			sourceTree = "<group>";
		};
		23D79A2922E3F01900DA722C /* 3rd-party */ = {
			isa = PBXGroup;
			children = (
				23D79A2522E3EF5400DA722C /* RSVerticallyCenteredTextFieldCell.swift */,
				23D79A2722E3EF8C00DA722C /* DraggingStackView.swift */,
			);
			path = "3rd-party";
			sourceTree = "<group>";
		};
/* End PBXGroup section */

/* Begin PBXHeadersBuildPhase section */
		23263F752278F60400B4FEF0 /* Headers */ = {
			isa = PBXHeadersBuildPhase;
			buildActionMask = 2147483647;
			files = (
				23263F7F2278F60400B4FEF0 /* DSFInspectorPanes.h in Headers */,
			);
			runOnlyForDeploymentPostprocessing = 0;
		};
/* End PBXHeadersBuildPhase section */

/* Begin PBXNativeTarget section */
		23263F792278F60400B4FEF0 /* DSFInspectorPanes */ = {
			isa = PBXNativeTarget;
			buildConfigurationList = 23263F822278F60400B4FEF0 /* Build configuration list for PBXNativeTarget "DSFInspectorPanes" */;
			buildPhases = (
				23263F752278F60400B4FEF0 /* Headers */,
				23263F762278F60400B4FEF0 /* Sources */,
				23263F772278F60400B4FEF0 /* Frameworks */,
				23263F782278F60400B4FEF0 /* Resources */,
			);
			buildRules = (
			);
			dependencies = (
			);
			name = DSFInspectorPanes;
			productName = DSFInspectorPanes;
			productReference = 23263F7A2278F60400B4FEF0 /* DSFInspectorPanes.framework */;
			productType = "com.apple.product-type.framework";
		};
		23263F8A2278F63E00B4FEF0 /* DSFInspectorPanes_Demo */ = {
			isa = PBXNativeTarget;
			buildConfigurationList = 23263F962278F63F00B4FEF0 /* Build configuration list for PBXNativeTarget "DSFInspectorPanes_Demo" */;
			buildPhases = (
				23263F872278F63E00B4FEF0 /* Sources */,
				23263F882278F63E00B4FEF0 /* Frameworks */,
				23263F892278F63E00B4FEF0 /* Resources */,
				236A157E22AFD1E2007FCB8F /* CopyFiles */,
			);
			buildRules = (
			);
			dependencies = (
			);
			name = DSFInspectorPanes_Demo;
			productName = DSFInspectorPanes_Demo;
			productReference = 23263F8B2278F63E00B4FEF0 /* DSFInspectorPanes_Demo.app */;
			productType = "com.apple.product-type.application";
		};
		23A7F89222B069C000D77045 /* DSFInspectorPanesTests */ = {
			isa = PBXNativeTarget;
			buildConfigurationList = 23A7F89D22B069C000D77045 /* Build configuration list for PBXNativeTarget "DSFInspectorPanesTests" */;
			buildPhases = (
				23A7F88F22B069C000D77045 /* Sources */,
				23A7F89022B069C000D77045 /* Frameworks */,
				23A7F89122B069C000D77045 /* Resources */,
			);
			buildRules = (
			);
			dependencies = (
				23A7F89A22B069C000D77045 /* PBXTargetDependency */,
			);
			name = DSFInspectorPanesTests;
			productName = DSFInspectorPanesTests;
			productReference = 23A7F89322B069C000D77045 /* DSFInspectorPanesTests.xctest */;
			productType = "com.apple.product-type.bundle.unit-test";
		};
/* End PBXNativeTarget section */

/* Begin PBXProject section */
		23263F712278F60400B4FEF0 /* Project object */ = {
			isa = PBXProject;
			attributes = {
				LastSwiftUpdateCheck = 1100;
				LastUpgradeCheck = 1020;
				ORGANIZATIONNAME = "Darren Ford";
				TargetAttributes = {
					23263F792278F60400B4FEF0 = {
						CreatedOnToolsVersion = 10.2.1;
						LastSwiftMigration = 1020;
					};
					23263F8A2278F63E00B4FEF0 = {
						CreatedOnToolsVersion = 10.2.1;
					};
					23A7F89222B069C000D77045 = {
						CreatedOnToolsVersion = 10.2.1;
					};
				};
			};
			buildConfigurationList = 23263F742278F60400B4FEF0 /* Build configuration list for PBXProject "DSFInspectorPanes" */;
			compatibilityVersion = "Xcode 9.3";
			developmentRegion = en;
			hasScannedForEncodings = 0;
			knownRegions = (
				en,
				Base,
			);
			mainGroup = 23263F702278F60400B4FEF0;
			productRefGroup = 23263F7B2278F60400B4FEF0 /* Products */;
			projectDirPath = "";
			projectRoot = "";
			targets = (
				23263F792278F60400B4FEF0 /* DSFInspectorPanes */,
				23263F8A2278F63E00B4FEF0 /* DSFInspectorPanes_Demo */,
				23A7F89222B069C000D77045 /* DSFInspectorPanesTests */,
			);
		};
/* End PBXProject section */

/* Begin PBXResourcesBuildPhase section */
		23263F782278F60400B4FEF0 /* Resources */ = {
			isa = PBXResourcesBuildPhase;
			buildActionMask = 2147483647;
			files = (
			);
			runOnlyForDeploymentPostprocessing = 0;
		};
		23263F892278F63E00B4FEF0 /* Resources */ = {
			isa = PBXResourcesBuildPhase;
			buildActionMask = 2147483647;
			files = (
				23263F902278F63F00B4FEF0 /* Assets.xcassets in Resources */,
				239B4B5D22ACA1EB004DA5D1 /* DescriptionFieldViewController.xib in Resources */,
				23A31BF622AF816E00B70488 /* LongDescriptionViewController.xib in Resources */,
				239B4B6122ACA2AE004DA5D1 /* TextWithButtonViewController.xib in Resources */,
				23B61DD522AC7A8F00098F3C /* DummyViewController.xib in Resources */,
				239B4B5922ACA13E004DA5D1 /* ColorViewController.xib in Resources */,
				239B4B5522ACA0C4004DA5D1 /* AlignmentViewController.xib in Resources */,
				239B4B5122ACA02A004DA5D1 /* SpacingViewController.xib in Resources */,
				23A31BF222AF815C00B70488 /* ShortDescriptionViewController.xib in Resources */,
				23A31BFA22AF84B600B70488 /* ImageViewController.xib in Resources */,
				23263F932278F63F00B4FEF0 /* MainMenu.xib in Resources */,
			);
			runOnlyForDeploymentPostprocessing = 0;
		};
		23A7F89122B069C000D77045 /* Resources */ = {
			isa = PBXResourcesBuildPhase;
			buildActionMask = 2147483647;
			files = (
			);
			runOnlyForDeploymentPostprocessing = 0;
		};
/* End PBXResourcesBuildPhase section */

/* Begin PBXSourcesBuildPhase section */
		23263F762278F60400B4FEF0 /* Sources */ = {
			isa = PBXSourcesBuildPhase;
			buildActionMask = 2147483647;
			files = (
				23B61DD122AC759F00098F3C /* DSFInspectorPanesView+pane.swift in Sources */,
				23D79A2622E3EF5400DA722C /* RSVerticallyCenteredTextFieldCell.swift in Sources */,
				23D79A2822E3EF8C00DA722C /* DraggingStackView.swift in Sources */,
				23263F862278F61400B4FEF0 /* DSFInspectorPanesView.swift in Sources */,
				23B61DCD22AC73AD00098F3C /* DSFInspectorPane.swift in Sources */,
				23F5B7AE22E6839000556710 /* DSFInspectorPanesView+layout.swift in Sources */,
				236BB48E22E67A3C00891B9E /* DSFInspectorPanesView+private.swift in Sources */,
				236BB48C22E679D200891B9E /* DSFInspectorPanesView+touchbar.swift in Sources */,
				23B61DCF22AC73E300098F3C /* DSFInspectorPanes+utilities.swift in Sources */,
			);
			runOnlyForDeploymentPostprocessing = 0;
		};
		23263F872278F63E00B4FEF0 /* Sources */ = {
			isa = PBXSourcesBuildPhase;
			buildActionMask = 2147483647;
			files = (
				239B4B6622ACAE87004DA5D1 /* MainPropertyPanesViewController.swift in Sources */,
				239B4B5022ACA02A004DA5D1 /* SpacingViewController.swift in Sources */,
				239B4B6A22ACBA03004DA5D1 /* WindowPropertyPanesViewController.swift in Sources */,
				23263F8E2278F63E00B4FEF0 /* AppDelegate.swift in Sources */,
				239B4B6022ACA2AE004DA5D1 /* TextWithButtonViewController.swift in Sources */,
				239B4B5422ACA0C4004DA5D1 /* AlignmentViewController.swift in Sources */,
				23A31BF922AF84B600B70488 /* ImageViewController.swift in Sources */,
				23A31BF122AF815C00B70488 /* ShortDescriptionViewController.swift in Sources */,
				239B4B5822ACA13E004DA5D1 /* ColorViewController.swift in Sources */,
				239B4B5C22ACA1EB004DA5D1 /* DescriptionFieldViewController.swift in Sources */,
				23A31BF522AF816E00B70488 /* LongDescriptionViewController.swift in Sources */,
				23B61DD422AC7A8F00098F3C /* DummyViewController.swift in Sources */,
				23A31BEC22AF7EE100B70488 /* MainViewController.swift in Sources */,
			);
			runOnlyForDeploymentPostprocessing = 0;
		};
		23A7F88F22B069C000D77045 /* Sources */ = {
			isa = PBXSourcesBuildPhase;
			buildActionMask = 2147483647;
			files = (
				23A7F89622B069C000D77045 /* DSFInspectorPanesTests.swift in Sources */,
			);
			runOnlyForDeploymentPostprocessing = 0;
		};
/* End PBXSourcesBuildPhase section */

/* Begin PBXTargetDependency section */
		23A7F89A22B069C000D77045 /* PBXTargetDependency */ = {
			isa = PBXTargetDependency;
			target = 23263F792278F60400B4FEF0 /* DSFInspectorPanes */;
			targetProxy = 23A7F89922B069C000D77045 /* PBXContainerItemProxy */;
		};
/* End PBXTargetDependency section */

/* Begin PBXVariantGroup section */
		23263F912278F63F00B4FEF0 /* MainMenu.xib */ = {
			isa = PBXVariantGroup;
			children = (
				23263F922278F63F00B4FEF0 /* Base */,
			);
			name = MainMenu.xib;
			sourceTree = "<group>";
		};
/* End PBXVariantGroup section */

/* Begin XCBuildConfiguration section */
		23263F802278F60400B4FEF0 /* Debug */ = {
			isa = XCBuildConfiguration;
			buildSettings = {
				ALWAYS_SEARCH_USER_PATHS = NO;
				CLANG_ANALYZER_NONNULL = YES;
				CLANG_ANALYZER_NUMBER_OBJECT_CONVERSION = YES_AGGRESSIVE;
				CLANG_CXX_LANGUAGE_STANDARD = "gnu++14";
				CLANG_CXX_LIBRARY = "libc++";
				CLANG_ENABLE_MODULES = YES;
				CLANG_ENABLE_OBJC_ARC = YES;
				CLANG_ENABLE_OBJC_WEAK = YES;
				CLANG_WARN_BLOCK_CAPTURE_AUTORELEASING = YES;
				CLANG_WARN_BOOL_CONVERSION = YES;
				CLANG_WARN_COMMA = YES;
				CLANG_WARN_CONSTANT_CONVERSION = YES;
				CLANG_WARN_DEPRECATED_OBJC_IMPLEMENTATIONS = YES;
				CLANG_WARN_DIRECT_OBJC_ISA_USAGE = YES_ERROR;
				CLANG_WARN_DOCUMENTATION_COMMENTS = YES;
				CLANG_WARN_EMPTY_BODY = YES;
				CLANG_WARN_ENUM_CONVERSION = YES;
				CLANG_WARN_INFINITE_RECURSION = YES;
				CLANG_WARN_INT_CONVERSION = YES;
				CLANG_WARN_NON_LITERAL_NULL_CONVERSION = YES;
				CLANG_WARN_OBJC_IMPLICIT_RETAIN_SELF = YES;
				CLANG_WARN_OBJC_LITERAL_CONVERSION = YES;
				CLANG_WARN_OBJC_ROOT_CLASS = YES_ERROR;
				CLANG_WARN_RANGE_LOOP_ANALYSIS = YES;
				CLANG_WARN_STRICT_PROTOTYPES = YES;
				CLANG_WARN_SUSPICIOUS_MOVE = YES;
				CLANG_WARN_UNGUARDED_AVAILABILITY = YES_AGGRESSIVE;
				CLANG_WARN_UNREACHABLE_CODE = YES;
				CLANG_WARN__DUPLICATE_METHOD_MATCH = YES;
				CODE_SIGN_IDENTITY = "Mac Developer";
				COPY_PHASE_STRIP = NO;
				CURRENT_PROJECT_VERSION = 1;
				DEBUG_INFORMATION_FORMAT = dwarf;
				ENABLE_STRICT_OBJC_MSGSEND = YES;
				ENABLE_TESTABILITY = YES;
				GCC_C_LANGUAGE_STANDARD = gnu11;
				GCC_DYNAMIC_NO_PIC = NO;
				GCC_NO_COMMON_BLOCKS = YES;
				GCC_OPTIMIZATION_LEVEL = 0;
				GCC_PREPROCESSOR_DEFINITIONS = (
					"DEBUG=1",
					"$(inherited)",
				);
				GCC_WARN_64_TO_32_BIT_CONVERSION = YES;
				GCC_WARN_ABOUT_RETURN_TYPE = YES_ERROR;
				GCC_WARN_UNDECLARED_SELECTOR = YES;
				GCC_WARN_UNINITIALIZED_AUTOS = YES_AGGRESSIVE;
				GCC_WARN_UNUSED_FUNCTION = YES;
				GCC_WARN_UNUSED_VARIABLE = YES;
				MACOSX_DEPLOYMENT_TARGET = 10.11;
				MTL_ENABLE_DEBUG_INFO = INCLUDE_SOURCE;
				MTL_FAST_MATH = YES;
				ONLY_ACTIVE_ARCH = YES;
				SDKROOT = macosx;
				SWIFT_ACTIVE_COMPILATION_CONDITIONS = DEBUG;
				SWIFT_OPTIMIZATION_LEVEL = "-Onone";
				VERSIONING_SYSTEM = "apple-generic";
				VERSION_INFO_PREFIX = "";
			};
			name = Debug;
		};
		23263F812278F60400B4FEF0 /* Release */ = {
			isa = XCBuildConfiguration;
			buildSettings = {
				ALWAYS_SEARCH_USER_PATHS = NO;
				CLANG_ANALYZER_NONNULL = YES;
				CLANG_ANALYZER_NUMBER_OBJECT_CONVERSION = YES_AGGRESSIVE;
				CLANG_CXX_LANGUAGE_STANDARD = "gnu++14";
				CLANG_CXX_LIBRARY = "libc++";
				CLANG_ENABLE_MODULES = YES;
				CLANG_ENABLE_OBJC_ARC = YES;
				CLANG_ENABLE_OBJC_WEAK = YES;
				CLANG_WARN_BLOCK_CAPTURE_AUTORELEASING = YES;
				CLANG_WARN_BOOL_CONVERSION = YES;
				CLANG_WARN_COMMA = YES;
				CLANG_WARN_CONSTANT_CONVERSION = YES;
				CLANG_WARN_DEPRECATED_OBJC_IMPLEMENTATIONS = YES;
				CLANG_WARN_DIRECT_OBJC_ISA_USAGE = YES_ERROR;
				CLANG_WARN_DOCUMENTATION_COMMENTS = YES;
				CLANG_WARN_EMPTY_BODY = YES;
				CLANG_WARN_ENUM_CONVERSION = YES;
				CLANG_WARN_INFINITE_RECURSION = YES;
				CLANG_WARN_INT_CONVERSION = YES;
				CLANG_WARN_NON_LITERAL_NULL_CONVERSION = YES;
				CLANG_WARN_OBJC_IMPLICIT_RETAIN_SELF = YES;
				CLANG_WARN_OBJC_LITERAL_CONVERSION = YES;
				CLANG_WARN_OBJC_ROOT_CLASS = YES_ERROR;
				CLANG_WARN_RANGE_LOOP_ANALYSIS = YES;
				CLANG_WARN_STRICT_PROTOTYPES = YES;
				CLANG_WARN_SUSPICIOUS_MOVE = YES;
				CLANG_WARN_UNGUARDED_AVAILABILITY = YES_AGGRESSIVE;
				CLANG_WARN_UNREACHABLE_CODE = YES;
				CLANG_WARN__DUPLICATE_METHOD_MATCH = YES;
				CODE_SIGN_IDENTITY = "Mac Developer";
				COPY_PHASE_STRIP = NO;
				CURRENT_PROJECT_VERSION = 1;
				DEBUG_INFORMATION_FORMAT = "dwarf-with-dsym";
				ENABLE_NS_ASSERTIONS = NO;
				ENABLE_STRICT_OBJC_MSGSEND = YES;
				GCC_C_LANGUAGE_STANDARD = gnu11;
				GCC_NO_COMMON_BLOCKS = YES;
				GCC_WARN_64_TO_32_BIT_CONVERSION = YES;
				GCC_WARN_ABOUT_RETURN_TYPE = YES_ERROR;
				GCC_WARN_UNDECLARED_SELECTOR = YES;
				GCC_WARN_UNINITIALIZED_AUTOS = YES_AGGRESSIVE;
				GCC_WARN_UNUSED_FUNCTION = YES;
				GCC_WARN_UNUSED_VARIABLE = YES;
				MACOSX_DEPLOYMENT_TARGET = 10.11;
				MTL_ENABLE_DEBUG_INFO = NO;
				MTL_FAST_MATH = YES;
				SDKROOT = macosx;
				SWIFT_COMPILATION_MODE = wholemodule;
				SWIFT_OPTIMIZATION_LEVEL = "-O";
				VERSIONING_SYSTEM = "apple-generic";
				VERSION_INFO_PREFIX = "";
			};
			name = Release;
		};
		23263F832278F60400B4FEF0 /* Debug */ = {
			isa = XCBuildConfiguration;
			buildSettings = {
				CLANG_ENABLE_MODULES = YES;
				CODE_SIGN_IDENTITY = "";
				CODE_SIGN_STYLE = Automatic;
				COMBINE_HIDPI_IMAGES = YES;
				DEFINES_MODULE = YES;
				DEVELOPMENT_TEAM = 3L6RK3LGGW;
				DYLIB_COMPATIBILITY_VERSION = 1;
				DYLIB_CURRENT_VERSION = 1;
				DYLIB_INSTALL_NAME_BASE = "@rpath";
				FRAMEWORK_VERSION = A;
				INFOPLIST_FILE = Sources/DSFInspectorPanes/Info.plist;
				INSTALL_PATH = "$(LOCAL_LIBRARY_DIR)/Frameworks";
				LD_RUNPATH_SEARCH_PATHS = (
					"$(inherited)",
					"@executable_path/../Frameworks",
					"@loader_path/Frameworks",
				);
				MACOSX_DEPLOYMENT_TARGET = 10.11;
				PRODUCT_BUNDLE_IDENTIFIER = com.darrenford.DSFInspectorPanes;
				PRODUCT_NAME = "$(TARGET_NAME:c99extidentifier)";
				SKIP_INSTALL = YES;
				SWIFT_OPTIMIZATION_LEVEL = "-Onone";
				SWIFT_VERSION = 5.0;
			};
			name = Debug;
		};
		23263F842278F60400B4FEF0 /* Release */ = {
			isa = XCBuildConfiguration;
			buildSettings = {
				CLANG_ENABLE_MODULES = YES;
				CODE_SIGN_IDENTITY = "";
				CODE_SIGN_STYLE = Automatic;
				COMBINE_HIDPI_IMAGES = YES;
				DEFINES_MODULE = YES;
				DEVELOPMENT_TEAM = 3L6RK3LGGW;
				DYLIB_COMPATIBILITY_VERSION = 1;
				DYLIB_CURRENT_VERSION = 1;
				DYLIB_INSTALL_NAME_BASE = "@rpath";
				FRAMEWORK_VERSION = A;
				INFOPLIST_FILE = Sources/DSFInspectorPanes/Info.plist;
				INSTALL_PATH = "$(LOCAL_LIBRARY_DIR)/Frameworks";
				LD_RUNPATH_SEARCH_PATHS = (
					"$(inherited)",
					"@executable_path/../Frameworks",
					"@loader_path/Frameworks",
				);
				MACOSX_DEPLOYMENT_TARGET = 10.11;
				PRODUCT_BUNDLE_IDENTIFIER = com.darrenford.DSFInspectorPanes;
				PRODUCT_NAME = "$(TARGET_NAME:c99extidentifier)";
				SKIP_INSTALL = YES;
				SWIFT_VERSION = 5.0;
			};
			name = Release;
		};
		23263F972278F63F00B4FEF0 /* Debug */ = {
			isa = XCBuildConfiguration;
			buildSettings = {
				ASSETCATALOG_COMPILER_APPICON_NAME = AppIcon;
				CODE_SIGN_ENTITLEMENTS = DSFInspectorPanes_Demo/DSFInspectorPanes_Demo.entitlements;
				CODE_SIGN_STYLE = Automatic;
				COMBINE_HIDPI_IMAGES = YES;
				DEVELOPMENT_TEAM = 3L6RK3LGGW;
				INFOPLIST_FILE = DSFInspectorPanes_Demo/Info.plist;
				LD_RUNPATH_SEARCH_PATHS = (
					"$(inherited)",
					"@executable_path/../Frameworks",
				);
				MACOSX_DEPLOYMENT_TARGET = 10.12;
				PRODUCT_BUNDLE_IDENTIFIER = "com.darrenford.DSFInspectorPanes-Demo";
				PRODUCT_NAME = "$(TARGET_NAME)";
				SWIFT_VERSION = 5.0;
			};
			name = Debug;
		};
		23263F982278F63F00B4FEF0 /* Release */ = {
			isa = XCBuildConfiguration;
			buildSettings = {
				ASSETCATALOG_COMPILER_APPICON_NAME = AppIcon;
				CODE_SIGN_ENTITLEMENTS = DSFInspectorPanes_Demo/DSFInspectorPanes_Demo.entitlements;
				CODE_SIGN_STYLE = Automatic;
				COMBINE_HIDPI_IMAGES = YES;
				DEVELOPMENT_TEAM = 3L6RK3LGGW;
				INFOPLIST_FILE = DSFInspectorPanes_Demo/Info.plist;
				LD_RUNPATH_SEARCH_PATHS = (
					"$(inherited)",
					"@executable_path/../Frameworks",
				);
				MACOSX_DEPLOYMENT_TARGET = 10.12;
				PRODUCT_BUNDLE_IDENTIFIER = "com.darrenford.DSFInspectorPanes-Demo";
				PRODUCT_NAME = "$(TARGET_NAME)";
				SWIFT_VERSION = 5.0;
			};
			name = Release;
		};
		23A7F89B22B069C000D77045 /* Debug */ = {
			isa = XCBuildConfiguration;
			buildSettings = {
				CODE_SIGN_STYLE = Automatic;
				COMBINE_HIDPI_IMAGES = YES;
				DEVELOPMENT_TEAM = 3L6RK3LGGW;
				INFOPLIST_FILE = DSFInspectorPanesTests/Info.plist;
				LD_RUNPATH_SEARCH_PATHS = (
					"$(inherited)",
					"@executable_path/../Frameworks",
					"@loader_path/../Frameworks",
				);
				MACOSX_DEPLOYMENT_TARGET = 10.14;
				PRODUCT_BUNDLE_IDENTIFIER = com.darrenford.DSFInspectorPanesTests;
				PRODUCT_NAME = "$(TARGET_NAME)";
				SWIFT_VERSION = 5.0;
			};
			name = Debug;
		};
		23A7F89C22B069C000D77045 /* Release */ = {
			isa = XCBuildConfiguration;
			buildSettings = {
				CODE_SIGN_STYLE = Automatic;
				COMBINE_HIDPI_IMAGES = YES;
				DEVELOPMENT_TEAM = 3L6RK3LGGW;
				INFOPLIST_FILE = DSFInspectorPanesTests/Info.plist;
				LD_RUNPATH_SEARCH_PATHS = (
					"$(inherited)",
					"@executable_path/../Frameworks",
					"@loader_path/../Frameworks",
				);
				MACOSX_DEPLOYMENT_TARGET = 10.14;
				PRODUCT_BUNDLE_IDENTIFIER = com.darrenford.DSFInspectorPanesTests;
				PRODUCT_NAME = "$(TARGET_NAME)";
				SWIFT_VERSION = 5.0;
			};
			name = Release;
		};
/* End XCBuildConfiguration section */

/* Begin XCConfigurationList section */
		23263F742278F60400B4FEF0 /* Build configuration list for PBXProject "DSFInspectorPanes" */ = {
			isa = XCConfigurationList;
			buildConfigurations = (
				23263F802278F60400B4FEF0 /* Debug */,
				23263F812278F60400B4FEF0 /* Release */,
			);
			defaultConfigurationIsVisible = 0;
			defaultConfigurationName = Release;
		};
		23263F822278F60400B4FEF0 /* Build configuration list for PBXNativeTarget "DSFInspectorPanes" */ = {
			isa = XCConfigurationList;
			buildConfigurations = (
				23263F832278F60400B4FEF0 /* Debug */,
				23263F842278F60400B4FEF0 /* Release */,
			);
			defaultConfigurationIsVisible = 0;
			defaultConfigurationName = Release;
		};
		23263F962278F63F00B4FEF0 /* Build configuration list for PBXNativeTarget "DSFInspectorPanes_Demo" */ = {
			isa = XCConfigurationList;
			buildConfigurations = (
				23263F972278F63F00B4FEF0 /* Debug */,
				23263F982278F63F00B4FEF0 /* Release */,
			);
			defaultConfigurationIsVisible = 0;
			defaultConfigurationName = Release;
		};
		23A7F89D22B069C000D77045 /* Build configuration list for PBXNativeTarget "DSFInspectorPanesTests" */ = {
			isa = XCConfigurationList;
			buildConfigurations = (
				23A7F89B22B069C000D77045 /* Debug */,
				23A7F89C22B069C000D77045 /* Release */,
			);
			defaultConfigurationIsVisible = 0;
			defaultConfigurationName = Release;
		};
/* End XCConfigurationList section */
	};
	rootObject = 23263F712278F60400B4FEF0 /* Project object */;
}
