{
  "object": {
    "pins": [
      {
        "package": "DSFStepperView",
        "repositoryURL": "https://github.com/dagronf/DSFStepperView.git",
        "state": {
          "branch": null,
          "revision": "9c85163a0e94b7c774b56a6a52cd80adb3e4792d",
          "version": "1.1.4"
        }
      },
      {
        "package": "DSFToggleButton",
        "repositoryURL": "https://github.com/dagronf/DSFToggleButton.git",
        "state": {
          "branch": null,
          "revision": "a14048067c98fa52f5a1d1509afdf02a89c088b7",
          "version": "3.1.0"
        }
      }
    ]
  },
  "version": 1
}
