{
  "object": {
    "pins": [
      {
        "package": "DSFStepperView",
        "repositoryURL": "https://github.com/dagronf/DSFStepperView.git",
        "state": {
          "branch": null,
          "revision": "440eeb84ac988960d10feefb2d6998b95bf54790",
          "version": "1.0.1"
        }
      },
      {
        "package": "DSFToggleButton",
        "repositoryURL": "https://github.com/dagronf/DSFToggleButton.git",
        "state": {
          "branch": null,
          "revision": "a14048067c98fa52f5a1d1509afdf02a89c088b7",
          "version": "3.1.0"
        }
      }
    ]
  },
  "version": 1
}
